// !$*UTF8*$!
{
	archiveVersion = 1;
	classes = {
	};
	objectVersion = 55;
	objects = {

/* Begin PBXBuildFile section */
		1148CE95CCC727BE9CED33F1 /* Pods_BunJang.framework in Frameworks */ = {isa = PBXBuildFile; fileRef = 689B71A9E8E0FF6AB688A6E1 /* Pods_BunJang.framework */; };
		87442BAF2882DED300E7AF3A /* Secret.swift in Sources */ = {isa = PBXBuildFile; fileRef = 87442BAE2882DED300E7AF3A /* Secret.swift */; };
		87442BB22882E5A300E7AF3A /* User.swift in Sources */ = {isa = PBXBuildFile; fileRef = 87442BB12882E5A300E7AF3A /* User.swift */; };
		87442BB42882E6B400E7AF3A /* LoginViewController.swift in Sources */ = {isa = PBXBuildFile; fileRef = 87442BB32882E6B400E7AF3A /* LoginViewController.swift */; };
		87442BB62882EB9E00E7AF3A /* HomeMainViewController.swift in Sources */ = {isa = PBXBuildFile; fileRef = 87442BB52882EB9E00E7AF3A /* HomeMainViewController.swift */; };
		87442BB92882F0AF00E7AF3A /* Tab.storyboard in Resources */ = {isa = PBXBuildFile; fileRef = 87442BB82882F0AF00E7AF3A /* Tab.storyboard */; };
		87442BBB2883014900E7AF3A /* PostMainViewController.swift in Sources */ = {isa = PBXBuildFile; fileRef = 87442BBA2883014900E7AF3A /* PostMainViewController.swift */; };
		87442BBD2883016600E7AF3A /* ChatMainViewController.swift in Sources */ = {isa = PBXBuildFile; fileRef = 87442BBC2883016600E7AF3A /* ChatMainViewController.swift */; };
		87442BBF2883017D00E7AF3A /* MyMainViewController.swift in Sources */ = {isa = PBXBuildFile; fileRef = 87442BBE2883017D00E7AF3A /* MyMainViewController.swift */; };
		87442BC22883020C00E7AF3A /* Search.storyboard in Resources */ = {isa = PBXBuildFile; fileRef = 87442BC12883020C00E7AF3A /* Search.storyboard */; };
		87442BC42883021800E7AF3A /* SearchMainViewController.swift in Sources */ = {isa = PBXBuildFile; fileRef = 87442BC32883021800E7AF3A /* SearchMainViewController.swift */; };
		87442BC62883035900E7AF3A /* BaseTabBarController.swift in Sources */ = {isa = PBXBuildFile; fileRef = 87442BC52883035900E7AF3A /* BaseTabBarController.swift */; };
		87442BC928831CA300E7AF3A /* MenuCollectionViewCell.swift in Sources */ = {isa = PBXBuildFile; fileRef = 87442BC828831CA300E7AF3A /* MenuCollectionViewCell.swift */; };
		87442BCD2883389900E7AF3A /* HomeTabManViewController.swift in Sources */ = {isa = PBXBuildFile; fileRef = 87442BCC2883389900E7AF3A /* HomeTabManViewController.swift */; };
		87442BCF28833A0C00E7AF3A /* HomeRecommendProductViewController.swift in Sources */ = {isa = PBXBuildFile; fileRef = 87442BCE28833A0C00E7AF3A /* HomeRecommendProductViewController.swift */; };
		87442BD1288340AD00E7AF3A /* HomeBrandViewController.swift in Sources */ = {isa = PBXBuildFile; fileRef = 87442BD0288340AD00E7AF3A /* HomeBrandViewController.swift */; };
		87442BD32883442400E7AF3A /* RecommendProductCollectionViewCell.swift in Sources */ = {isa = PBXBuildFile; fileRef = 87442BD22883442400E7AF3A /* RecommendProductCollectionViewCell.swift */; };
		87442BD6288345B400E7AF3A /* ProductModel.swift in Sources */ = {isa = PBXBuildFile; fileRef = 87442BD5288345B400E7AF3A /* ProductModel.swift */; };
		87442BDC2883F48F00E7AF3A /* PostCategoryViewController.swift in Sources */ = {isa = PBXBuildFile; fileRef = 87442BDB2883F48F00E7AF3A /* PostCategoryViewController.swift */; };
		87442BDE2883F49B00E7AF3A /* PostTagViewController.swift in Sources */ = {isa = PBXBuildFile; fileRef = 87442BDD2883F49B00E7AF3A /* PostTagViewController.swift */; };
		87442BE0288414B700E7AF3A /* CALayer.swift in Sources */ = {isa = PBXBuildFile; fileRef = 87442BDF288414B700E7AF3A /* CALayer.swift */; };
		8770195B2882651D0003441E /* AppDelegate.swift in Sources */ = {isa = PBXBuildFile; fileRef = 8770195A2882651D0003441E /* AppDelegate.swift */; };
		8770195D2882651D0003441E /* SceneDelegate.swift in Sources */ = {isa = PBXBuildFile; fileRef = 8770195C2882651D0003441E /* SceneDelegate.swift */; };
		877019622882651D0003441E /* Home.storyboard in Resources */ = {isa = PBXBuildFile; fileRef = 877019602882651D0003441E /* Home.storyboard */; };
		877019642882651E0003441E /* Assets.xcassets in Resources */ = {isa = PBXBuildFile; fileRef = 877019632882651E0003441E /* Assets.xcassets */; };
		877019672882651E0003441E /* LaunchScreen.storyboard in Resources */ = {isa = PBXBuildFile; fileRef = 877019652882651E0003441E /* LaunchScreen.storyboard */; };
		87701972288266B30003441E /* Constant.swift in Sources */ = {isa = PBXBuildFile; fileRef = 87701971288266B30003441E /* Constant.swift */; };
		87701977288266EF0003441E /* IndicatorView.swift in Sources */ = {isa = PBXBuildFile; fileRef = 87701976288266EF0003441E /* IndicatorView.swift */; };
		87701979288266FF0003441E /* Device.swift in Sources */ = {isa = PBXBuildFile; fileRef = 87701978288266FF0003441E /* Device.swift */; };
		87701983288269E70003441E /* BaseViewController.swift in Sources */ = {isa = PBXBuildFile; fileRef = 87701982288269E70003441E /* BaseViewController.swift */; };
		8770198528826A3B0003441E /* Date+.swift in Sources */ = {isa = PBXBuildFile; fileRef = 8770198428826A3B0003441E /* Date+.swift */; };
		8770198728826A4B0003441E /* String+.swift in Sources */ = {isa = PBXBuildFile; fileRef = 8770198628826A4B0003441E /* String+.swift */; };
		8770198928826A590003441E /* UIColor+.swift in Sources */ = {isa = PBXBuildFile; fileRef = 8770198828826A590003441E /* UIColor+.swift */; };
		8770198B28826A680003441E /* UIFont+.swift in Sources */ = {isa = PBXBuildFile; fileRef = 8770198A28826A680003441E /* UIFont+.swift */; };
		8770198D28826A730003441E /* UIButton+.swift in Sources */ = {isa = PBXBuildFile; fileRef = 8770198C28826A730003441E /* UIButton+.swift */; };
		8770198F28826A7E0003441E /* UIViewController+.swift in Sources */ = {isa = PBXBuildFile; fileRef = 8770198E28826A7E0003441E /* UIViewController+.swift */; };
		8770199128826A960003441E /* UINavigationBar+.swift in Sources */ = {isa = PBXBuildFile; fileRef = 8770199028826A960003441E /* UINavigationBar+.swift */; };
		8770199328826AF80003441E /* Protocol.swift in Sources */ = {isa = PBXBuildFile; fileRef = 8770199228826AF80003441E /* Protocol.swift */; };
		8770199528826D260003441E /* Login.storyboard in Resources */ = {isa = PBXBuildFile; fileRef = 8770199428826D260003441E /* Login.storyboard */; };
		8770199728826D360003441E /* Post.storyboard in Resources */ = {isa = PBXBuildFile; fileRef = 8770199628826D360003441E /* Post.storyboard */; };
		8770199928826D4B0003441E /* Chat.storyboard in Resources */ = {isa = PBXBuildFile; fileRef = 8770199828826D4B0003441E /* Chat.storyboard */; };
		8770199D288272F80003441E /* UIView+.swift in Sources */ = {isa = PBXBuildFile; fileRef = 8770199C288272F80003441E /* UIView+.swift */; };
		8770199F288273730003441E /* UITableViewCell+.swift in Sources */ = {isa = PBXBuildFile; fileRef = 8770199E288273730003441E /* UITableViewCell+.swift */; };
		877019A1288273800003441E /* UICollectionViewCell+.swift in Sources */ = {isa = PBXBuildFile; fileRef = 877019A0288273800003441E /* UICollectionViewCell+.swift */; };
		877019A3288274B00003441E /* My.storyboard in Resources */ = {isa = PBXBuildFile; fileRef = 877019A2288274B00003441E /* My.storyboard */; };
		877019A52882D65B0003441E /* LoginMainViewController.swift in Sources */ = {isa = PBXBuildFile; fileRef = 877019A42882D65B0003441E /* LoginMainViewController.swift */; };
		877019A82882D7A00003441E /* Image.swift in Sources */ = {isa = PBXBuildFile; fileRef = 877019A72882D7A00003441E /* Image.swift */; };
/* End PBXBuildFile section */

/* Begin PBXFileReference section */
		098D35EDF39F290C4DC70042 /* Pods-BunJang.debug.xcconfig */ = {isa = PBXFileReference; includeInIndex = 1; lastKnownFileType = text.xcconfig; name = "Pods-BunJang.debug.xcconfig"; path = "Target Support Files/Pods-BunJang/Pods-BunJang.debug.xcconfig"; sourceTree = "<group>"; };
		689B71A9E8E0FF6AB688A6E1 /* Pods_BunJang.framework */ = {isa = PBXFileReference; explicitFileType = wrapper.framework; includeInIndex = 0; path = Pods_BunJang.framework; sourceTree = BUILT_PRODUCTS_DIR; };
		87442BAE2882DED300E7AF3A /* Secret.swift */ = {isa = PBXFileReference; lastKnownFileType = sourcecode.swift; path = Secret.swift; sourceTree = "<group>"; };
		87442BB12882E5A300E7AF3A /* User.swift */ = {isa = PBXFileReference; lastKnownFileType = sourcecode.swift; path = User.swift; sourceTree = "<group>"; };
		87442BB32882E6B400E7AF3A /* LoginViewController.swift */ = {isa = PBXFileReference; lastKnownFileType = sourcecode.swift; path = LoginViewController.swift; sourceTree = "<group>"; };
		87442BB52882EB9E00E7AF3A /* HomeMainViewController.swift */ = {isa = PBXFileReference; lastKnownFileType = sourcecode.swift; path = HomeMainViewController.swift; sourceTree = "<group>"; };
		87442BB82882F0AF00E7AF3A /* Tab.storyboard */ = {isa = PBXFileReference; lastKnownFileType = file.storyboard; path = Tab.storyboard; sourceTree = "<group>"; };
		87442BBA2883014900E7AF3A /* PostMainViewController.swift */ = {isa = PBXFileReference; lastKnownFileType = sourcecode.swift; path = PostMainViewController.swift; sourceTree = "<group>"; };
		87442BBC2883016600E7AF3A /* ChatMainViewController.swift */ = {isa = PBXFileReference; lastKnownFileType = sourcecode.swift; path = ChatMainViewController.swift; sourceTree = "<group>"; };
		87442BBE2883017D00E7AF3A /* MyMainViewController.swift */ = {isa = PBXFileReference; lastKnownFileType = sourcecode.swift; path = MyMainViewController.swift; sourceTree = "<group>"; };
		87442BC12883020C00E7AF3A /* Search.storyboard */ = {isa = PBXFileReference; lastKnownFileType = file.storyboard; path = Search.storyboard; sourceTree = "<group>"; };
		87442BC32883021800E7AF3A /* SearchMainViewController.swift */ = {isa = PBXFileReference; lastKnownFileType = sourcecode.swift; path = SearchMainViewController.swift; sourceTree = "<group>"; };
		87442BC52883035900E7AF3A /* BaseTabBarController.swift */ = {isa = PBXFileReference; lastKnownFileType = sourcecode.swift; path = BaseTabBarController.swift; sourceTree = "<group>"; };
		87442BC828831CA300E7AF3A /* MenuCollectionViewCell.swift */ = {isa = PBXFileReference; lastKnownFileType = sourcecode.swift; path = MenuCollectionViewCell.swift; sourceTree = "<group>"; };
		87442BCC2883389900E7AF3A /* HomeTabManViewController.swift */ = {isa = PBXFileReference; lastKnownFileType = sourcecode.swift; path = HomeTabManViewController.swift; sourceTree = "<group>"; };
		87442BCE28833A0C00E7AF3A /* HomeRecommendProductViewController.swift */ = {isa = PBXFileReference; lastKnownFileType = sourcecode.swift; path = HomeRecommendProductViewController.swift; sourceTree = "<group>"; };
		87442BD0288340AD00E7AF3A /* HomeBrandViewController.swift */ = {isa = PBXFileReference; lastKnownFileType = sourcecode.swift; path = HomeBrandViewController.swift; sourceTree = "<group>"; };
		87442BD22883442400E7AF3A /* RecommendProductCollectionViewCell.swift */ = {isa = PBXFileReference; lastKnownFileType = sourcecode.swift; path = RecommendProductCollectionViewCell.swift; sourceTree = "<group>"; };
		87442BD5288345B400E7AF3A /* ProductModel.swift */ = {isa = PBXFileReference; lastKnownFileType = sourcecode.swift; path = ProductModel.swift; sourceTree = "<group>"; };
		87442BDB2883F48F00E7AF3A /* PostCategoryViewController.swift */ = {isa = PBXFileReference; lastKnownFileType = sourcecode.swift; path = PostCategoryViewController.swift; sourceTree = "<group>"; };
		87442BDD2883F49B00E7AF3A /* PostTagViewController.swift */ = {isa = PBXFileReference; lastKnownFileType = sourcecode.swift; path = PostTagViewController.swift; sourceTree = "<group>"; };
		87442BDF288414B700E7AF3A /* CALayer.swift */ = {isa = PBXFileReference; lastKnownFileType = sourcecode.swift; path = CALayer.swift; sourceTree = "<group>"; };
		877019572882651D0003441E /* BunJang.app */ = {isa = PBXFileReference; explicitFileType = wrapper.application; includeInIndex = 0; path = BunJang.app; sourceTree = BUILT_PRODUCTS_DIR; };
		8770195A2882651D0003441E /* AppDelegate.swift */ = {isa = PBXFileReference; lastKnownFileType = sourcecode.swift; path = AppDelegate.swift; sourceTree = "<group>"; };
		8770195C2882651D0003441E /* SceneDelegate.swift */ = {isa = PBXFileReference; lastKnownFileType = sourcecode.swift; path = SceneDelegate.swift; sourceTree = "<group>"; };
		877019612882651D0003441E /* Base */ = {isa = PBXFileReference; lastKnownFileType = file.storyboard; name = Base; path = Base.lproj/Home.storyboard; sourceTree = "<group>"; };
		877019632882651E0003441E /* Assets.xcassets */ = {isa = PBXFileReference; lastKnownFileType = folder.assetcatalog; path = Assets.xcassets; sourceTree = "<group>"; };
		877019662882651E0003441E /* Base */ = {isa = PBXFileReference; lastKnownFileType = file.storyboard; name = Base; path = Base.lproj/LaunchScreen.storyboard; sourceTree = "<group>"; };
		877019682882651E0003441E /* Info.plist */ = {isa = PBXFileReference; lastKnownFileType = text.plist.xml; path = Info.plist; sourceTree = "<group>"; };
		87701971288266B30003441E /* Constant.swift */ = {isa = PBXFileReference; lastKnownFileType = sourcecode.swift; path = Constant.swift; sourceTree = "<group>"; };
		87701976288266EF0003441E /* IndicatorView.swift */ = {isa = PBXFileReference; lastKnownFileType = sourcecode.swift; path = IndicatorView.swift; sourceTree = "<group>"; };
		87701978288266FF0003441E /* Device.swift */ = {isa = PBXFileReference; lastKnownFileType = sourcecode.swift; path = Device.swift; sourceTree = "<group>"; };
		87701982288269E70003441E /* BaseViewController.swift */ = {isa = PBXFileReference; lastKnownFileType = sourcecode.swift; path = BaseViewController.swift; sourceTree = "<group>"; };
		8770198428826A3B0003441E /* Date+.swift */ = {isa = PBXFileReference; lastKnownFileType = sourcecode.swift; path = "Date+.swift"; sourceTree = "<group>"; };
		8770198628826A4B0003441E /* String+.swift */ = {isa = PBXFileReference; lastKnownFileType = sourcecode.swift; path = "String+.swift"; sourceTree = "<group>"; };
		8770198828826A590003441E /* UIColor+.swift */ = {isa = PBXFileReference; lastKnownFileType = sourcecode.swift; path = "UIColor+.swift"; sourceTree = "<group>"; };
		8770198A28826A680003441E /* UIFont+.swift */ = {isa = PBXFileReference; lastKnownFileType = sourcecode.swift; path = "UIFont+.swift"; sourceTree = "<group>"; };
		8770198C28826A730003441E /* UIButton+.swift */ = {isa = PBXFileReference; lastKnownFileType = sourcecode.swift; path = "UIButton+.swift"; sourceTree = "<group>"; };
		8770198E28826A7E0003441E /* UIViewController+.swift */ = {isa = PBXFileReference; lastKnownFileType = sourcecode.swift; path = "UIViewController+.swift"; sourceTree = "<group>"; };
		8770199028826A960003441E /* UINavigationBar+.swift */ = {isa = PBXFileReference; lastKnownFileType = sourcecode.swift; path = "UINavigationBar+.swift"; sourceTree = "<group>"; };
		8770199228826AF80003441E /* Protocol.swift */ = {isa = PBXFileReference; lastKnownFileType = sourcecode.swift; path = Protocol.swift; sourceTree = "<group>"; };
		8770199428826D260003441E /* Login.storyboard */ = {isa = PBXFileReference; lastKnownFileType = file.storyboard; path = Login.storyboard; sourceTree = "<group>"; };
		8770199628826D360003441E /* Post.storyboard */ = {isa = PBXFileReference; lastKnownFileType = file.storyboard; path = Post.storyboard; sourceTree = "<group>"; };
		8770199828826D4B0003441E /* Chat.storyboard */ = {isa = PBXFileReference; lastKnownFileType = file.storyboard; path = Chat.storyboard; sourceTree = "<group>"; };
		8770199C288272F80003441E /* UIView+.swift */ = {isa = PBXFileReference; lastKnownFileType = sourcecode.swift; path = "UIView+.swift"; sourceTree = "<group>"; };
		8770199E288273730003441E /* UITableViewCell+.swift */ = {isa = PBXFileReference; lastKnownFileType = sourcecode.swift; path = "UITableViewCell+.swift"; sourceTree = "<group>"; };
		877019A0288273800003441E /* UICollectionViewCell+.swift */ = {isa = PBXFileReference; lastKnownFileType = sourcecode.swift; path = "UICollectionViewCell+.swift"; sourceTree = "<group>"; };
		877019A2288274B00003441E /* My.storyboard */ = {isa = PBXFileReference; lastKnownFileType = file.storyboard; path = My.storyboard; sourceTree = "<group>"; };
		877019A42882D65B0003441E /* LoginMainViewController.swift */ = {isa = PBXFileReference; lastKnownFileType = sourcecode.swift; path = LoginMainViewController.swift; sourceTree = "<group>"; };
		877019A72882D7A00003441E /* Image.swift */ = {isa = PBXFileReference; lastKnownFileType = sourcecode.swift; path = Image.swift; sourceTree = "<group>"; };
		B78BAAEF7C1078C23C4ED23D /* Pods-BunJang.release.xcconfig */ = {isa = PBXFileReference; includeInIndex = 1; lastKnownFileType = text.xcconfig; name = "Pods-BunJang.release.xcconfig"; path = "Target Support Files/Pods-BunJang/Pods-BunJang.release.xcconfig"; sourceTree = "<group>"; };
/* End PBXFileReference section */

/* Begin PBXFrameworksBuildPhase section */
		877019542882651D0003441E /* Frameworks */ = {
			isa = PBXFrameworksBuildPhase;
			buildActionMask = 2147483647;
			files = (
				1148CE95CCC727BE9CED33F1 /* Pods_BunJang.framework in Frameworks */,
			);
			runOnlyForDeploymentPostprocessing = 0;
		};
/* End PBXFrameworksBuildPhase section */

/* Begin PBXGroup section */
		855E2F7758B3BFD551367CDA /* Pods */ = {
			isa = PBXGroup;
			children = (
				098D35EDF39F290C4DC70042 /* Pods-BunJang.debug.xcconfig */,
				B78BAAEF7C1078C23C4ED23D /* Pods-BunJang.release.xcconfig */,
			);
			path = Pods;
			sourceTree = "<group>";
		};
		87442BB02882E59000E7AF3A /* Entity */ = {
			isa = PBXGroup;
			children = (
				87442BB12882E5A300E7AF3A /* User.swift */,
			);
			path = Entity;
			sourceTree = "<group>";
		};
		87442BB72882F09100E7AF3A /* Tab */ = {
			isa = PBXGroup;
			children = (
				87442BB82882F0AF00E7AF3A /* Tab.storyboard */,
				87442BC52883035900E7AF3A /* BaseTabBarController.swift */,
			);
			path = Tab;
			sourceTree = "<group>";
		};
		87442BC0288301FA00E7AF3A /* Search */ = {
			isa = PBXGroup;
			children = (
				87442BC12883020C00E7AF3A /* Search.storyboard */,
				87442BC32883021800E7AF3A /* SearchMainViewController.swift */,
			);
			path = Search;
			sourceTree = "<group>";
		};
		87442BC728831B9D00E7AF3A /* Cell */ = {
			isa = PBXGroup;
			children = (
				87442BC828831CA300E7AF3A /* MenuCollectionViewCell.swift */,
				87442BD22883442400E7AF3A /* RecommendProductCollectionViewCell.swift */,
			);
			path = Cell;
			sourceTree = "<group>";
		};
		87442BD42883459400E7AF3A /* Model */ = {
			isa = PBXGroup;
			children = (
				87442BD5288345B400E7AF3A /* ProductModel.swift */,
			);
			path = Model;
			sourceTree = "<group>";
		};
		87442BD72883F3D900E7AF3A /* RecommendProduct */ = {
			isa = PBXGroup;
			children = (
				87442BCE28833A0C00E7AF3A /* HomeRecommendProductViewController.swift */,
			);
			path = RecommendProduct;
			sourceTree = "<group>";
		};
		87442BD82883F40100E7AF3A /* Brand */ = {
			isa = PBXGroup;
			children = (
				87442BD0288340AD00E7AF3A /* HomeBrandViewController.swift */,
			);
			path = Brand;
			sourceTree = "<group>";
		};
		87442BD92883F46000E7AF3A /* Category */ = {
			isa = PBXGroup;
			children = (
				87442BDB2883F48F00E7AF3A /* PostCategoryViewController.swift */,
			);
			path = Category;
			sourceTree = "<group>";
		};
		87442BDA2883F46700E7AF3A /* Tag */ = {
			isa = PBXGroup;
			children = (
				87442BDD2883F49B00E7AF3A /* PostTagViewController.swift */,
			);
			path = Tag;
			sourceTree = "<group>";
		};
		8770194E2882651D0003441E = {
			isa = PBXGroup;
			children = (
				877019592882651D0003441E /* BunJang */,
				877019582882651D0003441E /* Products */,
				855E2F7758B3BFD551367CDA /* Pods */,
				8AE4C1C67F71AF556431CF53 /* Frameworks */,
			);
			sourceTree = "<group>";
		};
		877019582882651D0003441E /* Products */ = {
			isa = PBXGroup;
			children = (
				877019572882651D0003441E /* BunJang.app */,
			);
			name = Products;
			sourceTree = "<group>";
		};
		877019592882651D0003441E /* BunJang */ = {
			isa = PBXGroup;
			children = (
				8770196E288266770003441E /* Configuration */,
				8770196F288266950003441E /* Util */,
				877019702882669A0003441E /* Source */,
				8770195A2882651D0003441E /* AppDelegate.swift */,
				8770195C2882651D0003441E /* SceneDelegate.swift */,
				877019632882651E0003441E /* Assets.xcassets */,
				877019652882651E0003441E /* LaunchScreen.storyboard */,
				877019682882651E0003441E /* Info.plist */,
			);
			path = BunJang;
			sourceTree = "<group>";
		};
		8770196E288266770003441E /* Configuration */ = {
			isa = PBXGroup;
			children = (
				877019A62882D7970003441E /* Constant */,
				87701973288266B70003441E /* Secret */,
				87701974288266C40003441E /* Font */,
				87701975288266D10003441E /* Base */,
			);
			path = Configuration;
			sourceTree = "<group>";
		};
		8770196F288266950003441E /* Util */ = {
			isa = PBXGroup;
			children = (
				87701976288266EF0003441E /* IndicatorView.swift */,
				87701978288266FF0003441E /* Device.swift */,
				8770197F2882698B0003441E /* Extension */,
				8770199228826AF80003441E /* Protocol.swift */,
			);
			path = Util;
			sourceTree = "<group>";
		};
		877019702882669A0003441E /* Source */ = {
			isa = PBXGroup;
			children = (
				8770197A288269250003441E /* Login */,
				87442BB72882F09100E7AF3A /* Tab */,
				8770197B2882692F0003441E /* Home */,
				87442BC0288301FA00E7AF3A /* Search */,
				8770197E288269450003441E /* Post */,
				8770197D2882693B0003441E /* Chat */,
				8770197C288269360003441E /* My */,
			);
			path = Source;
			sourceTree = "<group>";
		};
		87701973288266B70003441E /* Secret */ = {
			isa = PBXGroup;
			children = (
				87442BAE2882DED300E7AF3A /* Secret.swift */,
			);
			path = Secret;
			sourceTree = "<group>";
		};
		87701974288266C40003441E /* Font */ = {
			isa = PBXGroup;
			children = (
			);
			path = Font;
			sourceTree = "<group>";
		};
		87701975288266D10003441E /* Base */ = {
			isa = PBXGroup;
			children = (
				87701982288269E70003441E /* BaseViewController.swift */,
			);
			path = Base;
			sourceTree = "<group>";
		};
		8770197A288269250003441E /* Login */ = {
			isa = PBXGroup;
			children = (
				8770199428826D260003441E /* Login.storyboard */,
				877019A42882D65B0003441E /* LoginMainViewController.swift */,
				87442BB32882E6B400E7AF3A /* LoginViewController.swift */,
				87442BB02882E59000E7AF3A /* Entity */,
			);
			path = Login;
			sourceTree = "<group>";
		};
		8770197B2882692F0003441E /* Home */ = {
			isa = PBXGroup;
			children = (
				87442BD72883F3D900E7AF3A /* RecommendProduct */,
				87442BD82883F40100E7AF3A /* Brand */,
				877019602882651D0003441E /* Home.storyboard */,
				87442BB52882EB9E00E7AF3A /* HomeMainViewController.swift */,
				87442BCC2883389900E7AF3A /* HomeTabManViewController.swift */,
				87442BC728831B9D00E7AF3A /* Cell */,
				87442BD42883459400E7AF3A /* Model */,
			);
			path = Home;
			sourceTree = "<group>";
		};
		8770197C288269360003441E /* My */ = {
			isa = PBXGroup;
			children = (
				877019A2288274B00003441E /* My.storyboard */,
				87442BBE2883017D00E7AF3A /* MyMainViewController.swift */,
			);
			path = My;
			sourceTree = "<group>";
		};
		8770197D2882693B0003441E /* Chat */ = {
			isa = PBXGroup;
			children = (
				8770199828826D4B0003441E /* Chat.storyboard */,
				87442BBC2883016600E7AF3A /* ChatMainViewController.swift */,
			);
			path = Chat;
			sourceTree = "<group>";
		};
		8770197E288269450003441E /* Post */ = {
			isa = PBXGroup;
			children = (
				87442BD92883F46000E7AF3A /* Category */,
				87442BDA2883F46700E7AF3A /* Tag */,
				8770199628826D360003441E /* Post.storyboard */,
				87442BBA2883014900E7AF3A /* PostMainViewController.swift */,
			);
			path = Post;
			sourceTree = "<group>";
		};
		8770197F2882698B0003441E /* Extension */ = {
			isa = PBXGroup;
			children = (
				8770198428826A3B0003441E /* Date+.swift */,
				8770198628826A4B0003441E /* String+.swift */,
				8770198828826A590003441E /* UIColor+.swift */,
				8770198A28826A680003441E /* UIFont+.swift */,
				8770198C28826A730003441E /* UIButton+.swift */,
				8770198E28826A7E0003441E /* UIViewController+.swift */,
				8770199028826A960003441E /* UINavigationBar+.swift */,
				8770199C288272F80003441E /* UIView+.swift */,
				8770199E288273730003441E /* UITableViewCell+.swift */,
				877019A0288273800003441E /* UICollectionViewCell+.swift */,
				87442BDF288414B700E7AF3A /* CALayer.swift */,
			);
			path = Extension;
			sourceTree = "<group>";
		};
		877019A62882D7970003441E /* Constant */ = {
			isa = PBXGroup;
			children = (
				87701971288266B30003441E /* Constant.swift */,
				877019A72882D7A00003441E /* Image.swift */,
			);
			path = Constant;
			sourceTree = "<group>";
		};
		8AE4C1C67F71AF556431CF53 /* Frameworks */ = {
			isa = PBXGroup;
			children = (
				689B71A9E8E0FF6AB688A6E1 /* Pods_BunJang.framework */,
			);
			name = Frameworks;
			sourceTree = "<group>";
		};
/* End PBXGroup section */

/* Begin PBXNativeTarget section */
		877019562882651D0003441E /* BunJang */ = {
			isa = PBXNativeTarget;
			buildConfigurationList = 8770196B2882651E0003441E /* Build configuration list for PBXNativeTarget "BunJang" */;
			buildPhases = (
				76F9952045483799783A7738 /* [CP] Check Pods Manifest.lock */,
				877019532882651D0003441E /* Sources */,
				877019542882651D0003441E /* Frameworks */,
				877019552882651D0003441E /* Resources */,
				A74F3EE6F03ADA21E4ED055B /* [CP] Embed Pods Frameworks */,
			);
			buildRules = (
			);
			dependencies = (
			);
			name = BunJang;
			productName = BunJang;
			productReference = 877019572882651D0003441E /* BunJang.app */;
			productType = "com.apple.product-type.application";
		};
/* End PBXNativeTarget section */

/* Begin PBXProject section */
		8770194F2882651D0003441E /* Project object */ = {
			isa = PBXProject;
			attributes = {
				BuildIndependentTargetsInParallel = 1;
				LastSwiftUpdateCheck = 1340;
				LastUpgradeCheck = 1340;
				TargetAttributes = {
					877019562882651D0003441E = {
						CreatedOnToolsVersion = 13.4.1;
					};
				};
			};
			buildConfigurationList = 877019522882651D0003441E /* Build configuration list for PBXProject "BunJang" */;
			compatibilityVersion = "Xcode 13.0";
			developmentRegion = en;
			hasScannedForEncodings = 0;
			knownRegions = (
				en,
				Base,
			);
			mainGroup = 8770194E2882651D0003441E;
			productRefGroup = 877019582882651D0003441E /* Products */;
			projectDirPath = "";
			projectRoot = "";
			targets = (
				877019562882651D0003441E /* BunJang */,
			);
		};
/* End PBXProject section */

/* Begin PBXResourcesBuildPhase section */
		877019552882651D0003441E /* Resources */ = {
			isa = PBXResourcesBuildPhase;
			buildActionMask = 2147483647;
			files = (
				8770199928826D4B0003441E /* Chat.storyboard in Resources */,
				8770199528826D260003441E /* Login.storyboard in Resources */,
				877019672882651E0003441E /* LaunchScreen.storyboard in Resources */,
				877019642882651E0003441E /* Assets.xcassets in Resources */,
				87442BC22883020C00E7AF3A /* Search.storyboard in Resources */,
				87442BB92882F0AF00E7AF3A /* Tab.storyboard in Resources */,
				8770199728826D360003441E /* Post.storyboard in Resources */,
				877019622882651D0003441E /* Home.storyboard in Resources */,
				877019A3288274B00003441E /* My.storyboard in Resources */,
			);
			runOnlyForDeploymentPostprocessing = 0;
		};
/* End PBXResourcesBuildPhase section */

/* Begin PBXShellScriptBuildPhase section */
		76F9952045483799783A7738 /* [CP] Check Pods Manifest.lock */ = {
			isa = PBXShellScriptBuildPhase;
			buildActionMask = 2147483647;
			files = (
			);
			inputFileListPaths = (
			);
			inputPaths = (
				"${PODS_PODFILE_DIR_PATH}/Podfile.lock",
				"${PODS_ROOT}/Manifest.lock",
			);
			name = "[CP] Check Pods Manifest.lock";
			outputFileListPaths = (
			);
			outputPaths = (
				"$(DERIVED_FILE_DIR)/Pods-BunJang-checkManifestLockResult.txt",
			);
			runOnlyForDeploymentPostprocessing = 0;
			shellPath = /bin/sh;
			shellScript = "diff \"${PODS_PODFILE_DIR_PATH}/Podfile.lock\" \"${PODS_ROOT}/Manifest.lock\" > /dev/null\nif [ $? != 0 ] ; then\n    # print error to STDERR\n    echo \"error: The sandbox is not in sync with the Podfile.lock. Run 'pod install' or update your CocoaPods installation.\" >&2\n    exit 1\nfi\n# This output is used by Xcode 'outputs' to avoid re-running this script phase.\necho \"SUCCESS\" > \"${SCRIPT_OUTPUT_FILE_0}\"\n";
			showEnvVarsInLog = 0;
		};
		A74F3EE6F03ADA21E4ED055B /* [CP] Embed Pods Frameworks */ = {
			isa = PBXShellScriptBuildPhase;
			buildActionMask = 2147483647;
			files = (
			);
			inputFileListPaths = (
				"${PODS_ROOT}/Target Support Files/Pods-BunJang/Pods-BunJang-frameworks-${CONFIGURATION}-input-files.xcfilelist",
			);
			name = "[CP] Embed Pods Frameworks";
			outputFileListPaths = (
				"${PODS_ROOT}/Target Support Files/Pods-BunJang/Pods-BunJang-frameworks-${CONFIGURATION}-output-files.xcfilelist",
			);
			runOnlyForDeploymentPostprocessing = 0;
			shellPath = /bin/sh;
			shellScript = "\"${PODS_ROOT}/Target Support Files/Pods-BunJang/Pods-BunJang-frameworks.sh\"\n";
			showEnvVarsInLog = 0;
		};
/* End PBXShellScriptBuildPhase section */

/* Begin PBXSourcesBuildPhase section */
		877019532882651D0003441E /* Sources */ = {
			isa = PBXSourcesBuildPhase;
			buildActionMask = 2147483647;
			files = (
				87442BCD2883389900E7AF3A /* HomeTabManViewController.swift in Sources */,
				87442BC62883035900E7AF3A /* BaseTabBarController.swift in Sources */,
				87442BBB2883014900E7AF3A /* PostMainViewController.swift in Sources */,
				877019A1288273800003441E /* UICollectionViewCell+.swift in Sources */,
				87442BAF2882DED300E7AF3A /* Secret.swift in Sources */,
				87442BD6288345B400E7AF3A /* ProductModel.swift in Sources */,
				87442BBF2883017D00E7AF3A /* MyMainViewController.swift in Sources */,
				8770198B28826A680003441E /* UIFont+.swift in Sources */,
				87442BD32883442400E7AF3A /* RecommendProductCollectionViewCell.swift in Sources */,
				87442BD1288340AD00E7AF3A /* HomeBrandViewController.swift in Sources */,
				87442BC42883021800E7AF3A /* SearchMainViewController.swift in Sources */,
				8770195B2882651D0003441E /* AppDelegate.swift in Sources */,
				8770198728826A4B0003441E /* String+.swift in Sources */,
				877019A52882D65B0003441E /* LoginMainViewController.swift in Sources */,
				8770195D2882651D0003441E /* SceneDelegate.swift in Sources */,
				87442BB62882EB9E00E7AF3A /* HomeMainViewController.swift in Sources */,
				87701979288266FF0003441E /* Device.swift in Sources */,
				87442BBD2883016600E7AF3A /* ChatMainViewController.swift in Sources */,
				87701972288266B30003441E /* Constant.swift in Sources */,
				877019A82882D7A00003441E /* Image.swift in Sources */,
				87442BE0288414B700E7AF3A /* CALayer.swift in Sources */,
				87442BB42882E6B400E7AF3A /* LoginViewController.swift in Sources */,
				87701983288269E70003441E /* BaseViewController.swift in Sources */,
				87442BC928831CA300E7AF3A /* MenuCollectionViewCell.swift in Sources */,
				87701977288266EF0003441E /* IndicatorView.swift in Sources */,
				8770199F288273730003441E /* UITableViewCell+.swift in Sources */,
				87442BCF28833A0C00E7AF3A /* HomeRecommendProductViewController.swift in Sources */,
				8770199D288272F80003441E /* UIView+.swift in Sources */,
				8770198F28826A7E0003441E /* UIViewController+.swift in Sources */,
				8770198528826A3B0003441E /* Date+.swift in Sources */,
				8770199128826A960003441E /* UINavigationBar+.swift in Sources */,
				8770198928826A590003441E /* UIColor+.swift in Sources */,
				87442BDE2883F49B00E7AF3A /* PostTagViewController.swift in Sources */,
				8770198D28826A730003441E /* UIButton+.swift in Sources */,
				8770199328826AF80003441E /* Protocol.swift in Sources */,
				87442BDC2883F48F00E7AF3A /* PostCategoryViewController.swift in Sources */,
				87442BB22882E5A300E7AF3A /* User.swift in Sources */,
			);
			runOnlyForDeploymentPostprocessing = 0;
		};
/* End PBXSourcesBuildPhase section */

/* Begin PBXVariantGroup section */
		877019602882651D0003441E /* Home.storyboard */ = {
			isa = PBXVariantGroup;
			children = (
				877019612882651D0003441E /* Base */,
			);
			name = Home.storyboard;
			sourceTree = "<group>";
		};
		877019652882651E0003441E /* LaunchScreen.storyboard */ = {
			isa = PBXVariantGroup;
			children = (
				877019662882651E0003441E /* Base */,
			);
			name = LaunchScreen.storyboard;
			sourceTree = "<group>";
		};
/* End PBXVariantGroup section */

/* Begin XCBuildConfiguration section */
		877019692882651E0003441E /* Debug */ = {
			isa = XCBuildConfiguration;
			buildSettings = {
				ALWAYS_SEARCH_USER_PATHS = NO;
				CLANG_ANALYZER_NONNULL = YES;
				CLANG_ANALYZER_NUMBER_OBJECT_CONVERSION = YES_AGGRESSIVE;
				CLANG_CXX_LANGUAGE_STANDARD = "gnu++17";
				CLANG_ENABLE_MODULES = YES;
				CLANG_ENABLE_OBJC_ARC = YES;
				CLANG_ENABLE_OBJC_WEAK = YES;
				CLANG_WARN_BLOCK_CAPTURE_AUTORELEASING = YES;
				CLANG_WARN_BOOL_CONVERSION = YES;
				CLANG_WARN_COMMA = YES;
				CLANG_WARN_CONSTANT_CONVERSION = YES;
				CLANG_WARN_DEPRECATED_OBJC_IMPLEMENTATIONS = YES;
				CLANG_WARN_DIRECT_OBJC_ISA_USAGE = YES_ERROR;
				CLANG_WARN_DOCUMENTATION_COMMENTS = YES;
				CLANG_WARN_EMPTY_BODY = YES;
				CLANG_WARN_ENUM_CONVERSION = YES;
				CLANG_WARN_INFINITE_RECURSION = YES;
				CLANG_WARN_INT_CONVERSION = YES;
				CLANG_WARN_NON_LITERAL_NULL_CONVERSION = YES;
				CLANG_WARN_OBJC_IMPLICIT_RETAIN_SELF = YES;
				CLANG_WARN_OBJC_LITERAL_CONVERSION = YES;
				CLANG_WARN_OBJC_ROOT_CLASS = YES_ERROR;
				CLANG_WARN_QUOTED_INCLUDE_IN_FRAMEWORK_HEADER = YES;
				CLANG_WARN_RANGE_LOOP_ANALYSIS = YES;
				CLANG_WARN_STRICT_PROTOTYPES = YES;
				CLANG_WARN_SUSPICIOUS_MOVE = YES;
				CLANG_WARN_UNGUARDED_AVAILABILITY = YES_AGGRESSIVE;
				CLANG_WARN_UNREACHABLE_CODE = YES;
				CLANG_WARN__DUPLICATE_METHOD_MATCH = YES;
				COPY_PHASE_STRIP = NO;
				DEBUG_INFORMATION_FORMAT = dwarf;
				ENABLE_STRICT_OBJC_MSGSEND = YES;
				ENABLE_TESTABILITY = YES;
				GCC_C_LANGUAGE_STANDARD = gnu11;
				GCC_DYNAMIC_NO_PIC = NO;
				GCC_NO_COMMON_BLOCKS = YES;
				GCC_OPTIMIZATION_LEVEL = 0;
				GCC_PREPROCESSOR_DEFINITIONS = (
					"DEBUG=1",
					"$(inherited)",
				);
				GCC_WARN_64_TO_32_BIT_CONVERSION = YES;
				GCC_WARN_ABOUT_RETURN_TYPE = YES_ERROR;
				GCC_WARN_UNDECLARED_SELECTOR = YES;
				GCC_WARN_UNINITIALIZED_AUTOS = YES_AGGRESSIVE;
				GCC_WARN_UNUSED_FUNCTION = YES;
				GCC_WARN_UNUSED_VARIABLE = YES;
				IPHONEOS_DEPLOYMENT_TARGET = 13.0;
				MTL_ENABLE_DEBUG_INFO = INCLUDE_SOURCE;
				MTL_FAST_MATH = YES;
				ONLY_ACTIVE_ARCH = YES;
				SDKROOT = iphoneos;
				SWIFT_ACTIVE_COMPILATION_CONDITIONS = DEBUG;
				SWIFT_OPTIMIZATION_LEVEL = "-Onone";
			};
			name = Debug;
		};
		8770196A2882651E0003441E /* Release */ = {
			isa = XCBuildConfiguration;
			buildSettings = {
				ALWAYS_SEARCH_USER_PATHS = NO;
				CLANG_ANALYZER_NONNULL = YES;
				CLANG_ANALYZER_NUMBER_OBJECT_CONVERSION = YES_AGGRESSIVE;
				CLANG_CXX_LANGUAGE_STANDARD = "gnu++17";
				CLANG_ENABLE_MODULES = YES;
				CLANG_ENABLE_OBJC_ARC = YES;
				CLANG_ENABLE_OBJC_WEAK = YES;
				CLANG_WARN_BLOCK_CAPTURE_AUTORELEASING = YES;
				CLANG_WARN_BOOL_CONVERSION = YES;
				CLANG_WARN_COMMA = YES;
				CLANG_WARN_CONSTANT_CONVERSION = YES;
				CLANG_WARN_DEPRECATED_OBJC_IMPLEMENTATIONS = YES;
				CLANG_WARN_DIRECT_OBJC_ISA_USAGE = YES_ERROR;
				CLANG_WARN_DOCUMENTATION_COMMENTS = YES;
				CLANG_WARN_EMPTY_BODY = YES;
				CLANG_WARN_ENUM_CONVERSION = YES;
				CLANG_WARN_INFINITE_RECURSION = YES;
				CLANG_WARN_INT_CONVERSION = YES;
				CLANG_WARN_NON_LITERAL_NULL_CONVERSION = YES;
				CLANG_WARN_OBJC_IMPLICIT_RETAIN_SELF = YES;
				CLANG_WARN_OBJC_LITERAL_CONVERSION = YES;
				CLANG_WARN_OBJC_ROOT_CLASS = YES_ERROR;
				CLANG_WARN_QUOTED_INCLUDE_IN_FRAMEWORK_HEADER = YES;
				CLANG_WARN_RANGE_LOOP_ANALYSIS = YES;
				CLANG_WARN_STRICT_PROTOTYPES = YES;
				CLANG_WARN_SUSPICIOUS_MOVE = YES;
				CLANG_WARN_UNGUARDED_AVAILABILITY = YES_AGGRESSIVE;
				CLANG_WARN_UNREACHABLE_CODE = YES;
				CLANG_WARN__DUPLICATE_METHOD_MATCH = YES;
				COPY_PHASE_STRIP = NO;
				DEBUG_INFORMATION_FORMAT = "dwarf-with-dsym";
				ENABLE_NS_ASSERTIONS = NO;
				ENABLE_STRICT_OBJC_MSGSEND = YES;
				GCC_C_LANGUAGE_STANDARD = gnu11;
				GCC_NO_COMMON_BLOCKS = YES;
				GCC_WARN_64_TO_32_BIT_CONVERSION = YES;
				GCC_WARN_ABOUT_RETURN_TYPE = YES_ERROR;
				GCC_WARN_UNDECLARED_SELECTOR = YES;
				GCC_WARN_UNINITIALIZED_AUTOS = YES_AGGRESSIVE;
				GCC_WARN_UNUSED_FUNCTION = YES;
				GCC_WARN_UNUSED_VARIABLE = YES;
				IPHONEOS_DEPLOYMENT_TARGET = 13.0;
				MTL_ENABLE_DEBUG_INFO = NO;
				MTL_FAST_MATH = YES;
				SDKROOT = iphoneos;
				SWIFT_COMPILATION_MODE = wholemodule;
				SWIFT_OPTIMIZATION_LEVEL = "-O";
				VALIDATE_PRODUCT = YES;
			};
			name = Release;
		};
		8770196C2882651E0003441E /* Debug */ = {
			isa = XCBuildConfiguration;
			baseConfigurationReference = 098D35EDF39F290C4DC70042 /* Pods-BunJang.debug.xcconfig */;
			buildSettings = {
				ASSETCATALOG_COMPILER_APPICON_NAME = AppIcon;
				ASSETCATALOG_COMPILER_GLOBAL_ACCENT_COLOR_NAME = AccentColor;
				CODE_SIGN_STYLE = Automatic;
				CURRENT_PROJECT_VERSION = 1;
				DEVELOPMENT_TEAM = T6DNHAHXG9;
				GENERATE_INFOPLIST_FILE = YES;
				INFOPLIST_FILE = BunJang/Info.plist;
				INFOPLIST_KEY_UIApplicationSupportsIndirectInputEvents = YES;
				INFOPLIST_KEY_UILaunchStoryboardName = LaunchScreen;
				INFOPLIST_KEY_UIMainStoryboardFile = Login;
				INFOPLIST_KEY_UISupportedInterfaceOrientations = UIInterfaceOrientationPortrait;
				INFOPLIST_KEY_UISupportedInterfaceOrientations_iPad = "UIInterfaceOrientationPortrait UIInterfaceOrientationPortraitUpsideDown UIInterfaceOrientationLandscapeLeft UIInterfaceOrientationLandscapeRight";
				INFOPLIST_KEY_UISupportedInterfaceOrientations_iPhone = "UIInterfaceOrientationPortrait UIInterfaceOrientationLandscapeLeft UIInterfaceOrientationLandscapeRight";
				LD_RUNPATH_SEARCH_PATHS = (
					"$(inherited)",
					"@executable_path/Frameworks",
				);
				MARKETING_VERSION = 1.0;
				PRODUCT_BUNDLE_IDENTIFIER = com.metlsplit.BunJang;
				PRODUCT_NAME = "$(TARGET_NAME)";
				SWIFT_EMIT_LOC_STRINGS = YES;
				SWIFT_VERSION = 5.0;
				TARGETED_DEVICE_FAMILY = 1;
			};
			name = Debug;
		};
		8770196D2882651E0003441E /* Release */ = {
			isa = XCBuildConfiguration;
			baseConfigurationReference = B78BAAEF7C1078C23C4ED23D /* Pods-BunJang.release.xcconfig */;
			buildSettings = {
				ASSETCATALOG_COMPILER_APPICON_NAME = AppIcon;
				ASSETCATALOG_COMPILER_GLOBAL_ACCENT_COLOR_NAME = AccentColor;
				CODE_SIGN_STYLE = Automatic;
				CURRENT_PROJECT_VERSION = 1;
				DEVELOPMENT_TEAM = T6DNHAHXG9;
				GENERATE_INFOPLIST_FILE = YES;
				INFOPLIST_FILE = BunJang/Info.plist;
				INFOPLIST_KEY_UIApplicationSupportsIndirectInputEvents = YES;
				INFOPLIST_KEY_UILaunchStoryboardName = LaunchScreen;
				INFOPLIST_KEY_UIMainStoryboardFile = Login;
				INFOPLIST_KEY_UISupportedInterfaceOrientations = UIInterfaceOrientationPortrait;
				INFOPLIST_KEY_UISupportedInterfaceOrientations_iPad = "UIInterfaceOrientationPortrait UIInterfaceOrientationPortraitUpsideDown UIInterfaceOrientationLandscapeLeft UIInterfaceOrientationLandscapeRight";
				INFOPLIST_KEY_UISupportedInterfaceOrientations_iPhone = "UIInterfaceOrientationPortrait UIInterfaceOrientationLandscapeLeft UIInterfaceOrientationLandscapeRight";
				LD_RUNPATH_SEARCH_PATHS = (
					"$(inherited)",
					"@executable_path/Frameworks",
				);
				MARKETING_VERSION = 1.0;
				PRODUCT_BUNDLE_IDENTIFIER = com.metlsplit.BunJang;
				PRODUCT_NAME = "$(TARGET_NAME)";
				SWIFT_EMIT_LOC_STRINGS = YES;
				SWIFT_VERSION = 5.0;
				TARGETED_DEVICE_FAMILY = 1;
			};
			name = Release;
		};
/* End XCBuildConfiguration section */

/* Begin XCConfigurationList section */
		877019522882651D0003441E /* Build configuration list for PBXProject "BunJang" */ = {
			isa = XCConfigurationList;
			buildConfigurations = (
				877019692882651E0003441E /* Debug */,
				8770196A2882651E0003441E /* Release */,
			);
			defaultConfigurationIsVisible = 0;
			defaultConfigurationName = Release;
		};
		8770196B2882651E0003441E /* Build configuration list for PBXNativeTarget "BunJang" */ = {
			isa = XCConfigurationList;
			buildConfigurations = (
				8770196C2882651E0003441E /* Debug */,
				8770196D2882651E0003441E /* Release */,
			);
			defaultConfigurationIsVisible = 0;
			defaultConfigurationName = Release;
		};
/* End XCConfigurationList section */
	};
	rootObject = 8770194F2882651D0003441E /* Project object */;
}
