// !$*UTF8*$!
{
	archiveVersion = 1;
	classes = {
	};
	objectVersion = 55;
	objects = {

/* Begin PBXBuildFile section */
		1148CE95CCC727BE9CED33F1 /* Pods_BunJang.framework in Frameworks */ = {isa = PBXBuildFile; fileRef = 689B71A9E8E0FF6AB688A6E1 /* Pods_BunJang.framework */; };
		87442BAF2882DED300E7AF3A /* Secret.swift in Sources */ = {isa = PBXBuildFile; fileRef = 87442BAE2882DED300E7AF3A /* Secret.swift */; };
		87442BB22882E5A300E7AF3A /* User.swift in Sources */ = {isa = PBXBuildFile; fileRef = 87442BB12882E5A300E7AF3A /* User.swift */; };
		87442BB42882E6B400E7AF3A /* LoginViewController.swift in Sources */ = {isa = PBXBuildFile; fileRef = 87442BB32882E6B400E7AF3A /* LoginViewController.swift */; };
		87442BB62882EB9E00E7AF3A /* HomeMainViewController.swift in Sources */ = {isa = PBXBuildFile; fileRef = 87442BB52882EB9E00E7AF3A /* HomeMainViewController.swift */; };
		87442BB92882F0AF00E7AF3A /* Tab.storyboard in Resources */ = {isa = PBXBuildFile; fileRef = 87442BB82882F0AF00E7AF3A /* Tab.storyboard */; };
		87442BBB2883014900E7AF3A /* PostMainViewController.swift in Sources */ = {isa = PBXBuildFile; fileRef = 87442BBA2883014900E7AF3A /* PostMainViewController.swift */; };
		87442BBD2883016600E7AF3A /* ChatMainViewController.swift in Sources */ = {isa = PBXBuildFile; fileRef = 87442BBC2883016600E7AF3A /* ChatMainViewController.swift */; };
		87442BBF2883017D00E7AF3A /* MyMainViewController.swift in Sources */ = {isa = PBXBuildFile; fileRef = 87442BBE2883017D00E7AF3A /* MyMainViewController.swift */; };
		87442BC22883020C00E7AF3A /* Search.storyboard in Resources */ = {isa = PBXBuildFile; fileRef = 87442BC12883020C00E7AF3A /* Search.storyboard */; };
		87442BC42883021800E7AF3A /* SearchMainViewController.swift in Sources */ = {isa = PBXBuildFile; fileRef = 87442BC32883021800E7AF3A /* SearchMainViewController.swift */; };
		87442BC62883035900E7AF3A /* BaseTabBarController.swift in Sources */ = {isa = PBXBuildFile; fileRef = 87442BC52883035900E7AF3A /* BaseTabBarController.swift */; };
		87442BCD2883389900E7AF3A /* HomeTabManViewController.swift in Sources */ = {isa = PBXBuildFile; fileRef = 87442BCC2883389900E7AF3A /* HomeTabManViewController.swift */; };
		87442BCF28833A0C00E7AF3A /* HomeRecommendProductViewController.swift in Sources */ = {isa = PBXBuildFile; fileRef = 87442BCE28833A0C00E7AF3A /* HomeRecommendProductViewController.swift */; };
		87442BD1288340AD00E7AF3A /* HomeBrandViewController.swift in Sources */ = {isa = PBXBuildFile; fileRef = 87442BD0288340AD00E7AF3A /* HomeBrandViewController.swift */; };
		87442BD32883442400E7AF3A /* RecommendProductCollectionViewCell.swift in Sources */ = {isa = PBXBuildFile; fileRef = 87442BD22883442400E7AF3A /* RecommendProductCollectionViewCell.swift */; };
		87442BD6288345B400E7AF3A /* ProductModel.swift in Sources */ = {isa = PBXBuildFile; fileRef = 87442BD5288345B400E7AF3A /* ProductModel.swift */; };
		87442BDC2883F48F00E7AF3A /* PostCategoryViewController.swift in Sources */ = {isa = PBXBuildFile; fileRef = 87442BDB2883F48F00E7AF3A /* PostCategoryViewController.swift */; };
		87442BDE2883F49B00E7AF3A /* PostTagViewController.swift in Sources */ = {isa = PBXBuildFile; fileRef = 87442BDD2883F49B00E7AF3A /* PostTagViewController.swift */; };
		87442BE0288414B700E7AF3A /* CALayer+.swift in Sources */ = {isa = PBXBuildFile; fileRef = 87442BDF288414B700E7AF3A /* CALayer+.swift */; };
		87442BE328841EC100E7AF3A /* BannerManager.swift in Sources */ = {isa = PBXBuildFile; fileRef = 87442BE228841EC100E7AF3A /* BannerManager.swift */; };
		87442BE528841F0500E7AF3A /* API.swift in Sources */ = {isa = PBXBuildFile; fileRef = 87442BE428841F0500E7AF3A /* API.swift */; };
		87442BE7288423BB00E7AF3A /* BannerResponse.swift in Sources */ = {isa = PBXBuildFile; fileRef = 87442BE6288423BB00E7AF3A /* BannerResponse.swift */; };
		87442BEA288425F700E7AF3A /* NetworkResult.swift in Sources */ = {isa = PBXBuildFile; fileRef = 87442BE9288425F700E7AF3A /* NetworkResult.swift */; };
		87442BED2884300F00E7AF3A /* Product.storyboard in Resources */ = {isa = PBXBuildFile; fileRef = 87442BEC2884300F00E7AF3A /* Product.storyboard */; };
		87442BEF2884301E00E7AF3A /* ProductViewController.swift in Sources */ = {isa = PBXBuildFile; fileRef = 87442BEE2884301E00E7AF3A /* ProductViewController.swift */; };
		87442BFD28844D8900E7AF3A /* CategoryTagCollectionViewCell.swift in Sources */ = {isa = PBXBuildFile; fileRef = 87442BFC28844D8900E7AF3A /* CategoryTagCollectionViewCell.swift */; };
		8770195B2882651D0003441E /* AppDelegate.swift in Sources */ = {isa = PBXBuildFile; fileRef = 8770195A2882651D0003441E /* AppDelegate.swift */; };
		8770195D2882651D0003441E /* SceneDelegate.swift in Sources */ = {isa = PBXBuildFile; fileRef = 8770195C2882651D0003441E /* SceneDelegate.swift */; };
		877019622882651D0003441E /* Home.storyboard in Resources */ = {isa = PBXBuildFile; fileRef = 877019602882651D0003441E /* Home.storyboard */; };
		877019642882651E0003441E /* Assets.xcassets in Resources */ = {isa = PBXBuildFile; fileRef = 877019632882651E0003441E /* Assets.xcassets */; };
		877019672882651E0003441E /* LaunchScreen.storyboard in Resources */ = {isa = PBXBuildFile; fileRef = 877019652882651E0003441E /* LaunchScreen.storyboard */; };
		87701977288266EF0003441E /* IndicatorView.swift in Sources */ = {isa = PBXBuildFile; fileRef = 87701976288266EF0003441E /* IndicatorView.swift */; };
		87701979288266FF0003441E /* Device.swift in Sources */ = {isa = PBXBuildFile; fileRef = 87701978288266FF0003441E /* Device.swift */; };
		87701983288269E70003441E /* BaseViewController.swift in Sources */ = {isa = PBXBuildFile; fileRef = 87701982288269E70003441E /* BaseViewController.swift */; };
		8770198528826A3B0003441E /* Date+.swift in Sources */ = {isa = PBXBuildFile; fileRef = 8770198428826A3B0003441E /* Date+.swift */; };
		8770198728826A4B0003441E /* String+.swift in Sources */ = {isa = PBXBuildFile; fileRef = 8770198628826A4B0003441E /* String+.swift */; };
		8770198928826A590003441E /* UIColor+.swift in Sources */ = {isa = PBXBuildFile; fileRef = 8770198828826A590003441E /* UIColor+.swift */; };
		8770198B28826A680003441E /* UIFont+.swift in Sources */ = {isa = PBXBuildFile; fileRef = 8770198A28826A680003441E /* UIFont+.swift */; };
		8770198D28826A730003441E /* UIButton+.swift in Sources */ = {isa = PBXBuildFile; fileRef = 8770198C28826A730003441E /* UIButton+.swift */; };
		8770198F28826A7E0003441E /* UIViewController+.swift in Sources */ = {isa = PBXBuildFile; fileRef = 8770198E28826A7E0003441E /* UIViewController+.swift */; };
		8770199128826A960003441E /* UINavigationBar+.swift in Sources */ = {isa = PBXBuildFile; fileRef = 8770199028826A960003441E /* UINavigationBar+.swift */; };
		8770199328826AF80003441E /* Protocol.swift in Sources */ = {isa = PBXBuildFile; fileRef = 8770199228826AF80003441E /* Protocol.swift */; };
		8770199528826D260003441E /* Login.storyboard in Resources */ = {isa = PBXBuildFile; fileRef = 8770199428826D260003441E /* Login.storyboard */; };
		8770199728826D360003441E /* Post.storyboard in Resources */ = {isa = PBXBuildFile; fileRef = 8770199628826D360003441E /* Post.storyboard */; };
		8770199928826D4B0003441E /* Chat.storyboard in Resources */ = {isa = PBXBuildFile; fileRef = 8770199828826D4B0003441E /* Chat.storyboard */; };
		8770199D288272F80003441E /* UIView+.swift in Sources */ = {isa = PBXBuildFile; fileRef = 8770199C288272F80003441E /* UIView+.swift */; };
		8770199F288273730003441E /* UITableViewCell+.swift in Sources */ = {isa = PBXBuildFile; fileRef = 8770199E288273730003441E /* UITableViewCell+.swift */; };
		877019A1288273800003441E /* UICollectionViewCell+.swift in Sources */ = {isa = PBXBuildFile; fileRef = 877019A0288273800003441E /* UICollectionViewCell+.swift */; };
		877019A3288274B00003441E /* My.storyboard in Resources */ = {isa = PBXBuildFile; fileRef = 877019A2288274B00003441E /* My.storyboard */; };
		877019A52882D65B0003441E /* LoginMainViewController.swift in Sources */ = {isa = PBXBuildFile; fileRef = 877019A42882D65B0003441E /* LoginMainViewController.swift */; };
		877019A82882D7A00003441E /* Image.swift in Sources */ = {isa = PBXBuildFile; fileRef = 877019A72882D7A00003441E /* Image.swift */; };
		877334EE288C39BC000556DD /* MyPageManager.swift in Sources */ = {isa = PBXBuildFile; fileRef = 877334ED288C39BC000556DD /* MyPageManager.swift */; };
		877334F0288C39C7000556DD /* MyPageResponse.swift in Sources */ = {isa = PBXBuildFile; fileRef = 877334EF288C39C7000556DD /* MyPageResponse.swift */; };
		877334FA288C9323000556DD /* HeartPostManager.swift in Sources */ = {isa = PBXBuildFile; fileRef = 877334F9288C9323000556DD /* HeartPostManager.swift */; };
		877334FC288C950F000556DD /* HeartResponse.swift in Sources */ = {isa = PBXBuildFile; fileRef = 877334FB288C950F000556DD /* HeartResponse.swift */; };
		877334FE288CAA77000556DD /* PostStartVC.swift in Sources */ = {isa = PBXBuildFile; fileRef = 877334FD288CAA77000556DD /* PostStartVC.swift */; };
		87733501288D691A000556DD /* TotalReviewViewController.swift in Sources */ = {isa = PBXBuildFile; fileRef = 87733500288D691A000556DD /* TotalReviewViewController.swift */; };
		87733509288D69ED000556DD /* ReviewTableViewCell.swift in Sources */ = {isa = PBXBuildFile; fileRef = 87733508288D69ED000556DD /* ReviewTableViewCell.swift */; };
		8773350B288D6A59000556DD /* TotalReviewTableViewCell.swift in Sources */ = {isa = PBXBuildFile; fileRef = 8773350A288D6A59000556DD /* TotalReviewTableViewCell.swift */; };
		8773350E288D717A000556DD /* TotalReviewManager.swift in Sources */ = {isa = PBXBuildFile; fileRef = 8773350D288D717A000556DD /* TotalReviewManager.swift */; };
		87733510288D7183000556DD /* TotalReviewResponse.swift in Sources */ = {isa = PBXBuildFile; fileRef = 8773350F288D7183000556DD /* TotalReviewResponse.swift */; };
		87733513288DC214000556DD /* ProductsCollectionViewCell.swift in Sources */ = {isa = PBXBuildFile; fileRef = 87733511288DC214000556DD /* ProductsCollectionViewCell.swift */; };
		87733514288DC214000556DD /* ProductsCollectionViewCell.xib in Resources */ = {isa = PBXBuildFile; fileRef = 87733512288DC214000556DD /* ProductsCollectionViewCell.xib */; };
		87733516288E9933000556DD /* ProductVC_network.swift in Sources */ = {isa = PBXBuildFile; fileRef = 87733515288E9933000556DD /* ProductVC_network.swift */; };
		8773351C288E9B5B000556DD /* ProductVC.swift in Sources */ = {isa = PBXBuildFile; fileRef = 8773351B288E9B5B000556DD /* ProductVC.swift */; };
		87733521288EA713000556DD /* ShowProduct.storyboard in Resources */ = {isa = PBXBuildFile; fileRef = 87733520288EA713000556DD /* ShowProduct.storyboard */; };
		87733523288EA722000556DD /* ShowProductViewController.swift in Sources */ = {isa = PBXBuildFile; fileRef = 87733522288EA722000556DD /* ShowProductViewController.swift */; };
		87733525288F0E73000556DD /* FilterBottomSheet.swift in Sources */ = {isa = PBXBuildFile; fileRef = 87733524288F0E73000556DD /* FilterBottomSheet.swift */; };
		8773352A288F1129000556DD /* SecondCategoryCollectionViewCell.swift in Sources */ = {isa = PBXBuildFile; fileRef = 87733529288F1129000556DD /* SecondCategoryCollectionViewCell.swift */; };
		8773352D288F11CD000556DD /* +Network.swift in Sources */ = {isa = PBXBuildFile; fileRef = 8773352C288F11CD000556DD /* +Network.swift */; };
		877C4073288AB6A1001F4C28 /* ProductGetManager.swift in Sources */ = {isa = PBXBuildFile; fileRef = 877C4072288AB6A1001F4C28 /* ProductGetManager.swift */; };
		877C4075288AB6AD001F4C28 /* ProductGetResponse.swift in Sources */ = {isa = PBXBuildFile; fileRef = 877C4074288AB6AD001F4C28 /* ProductGetResponse.swift */; };
		877C4078288AC139001F4C28 /* SignUpModel.swift in Sources */ = {isa = PBXBuildFile; fileRef = 877C4077288AC139001F4C28 /* SignUpModel.swift */; };
		877C407A288AD73E001F4C28 /* UIImageView+.swift in Sources */ = {isa = PBXBuildFile; fileRef = 877C4079288AD73E001F4C28 /* UIImageView+.swift */; };
		877C4081288B0EA1001F4C28 /* MyProductCollectionViewCell.swift in Sources */ = {isa = PBXBuildFile; fileRef = 877C407F288B0EA1001F4C28 /* MyProductCollectionViewCell.swift */; };
		877C4082288B0EA1001F4C28 /* MyProductCollectionViewCell.xib in Resources */ = {isa = PBXBuildFile; fileRef = 877C4080288B0EA1001F4C28 /* MyProductCollectionViewCell.xib */; };
		877C4087288B1596001F4C28 /* UserProductGetManager.swift in Sources */ = {isa = PBXBuildFile; fileRef = 877C4086288B1596001F4C28 /* UserProductGetManager.swift */; };
		877C4089288B15A5001F4C28 /* UserProductGetResponse.swift in Sources */ = {isa = PBXBuildFile; fileRef = 877C4088288B15A5001F4C28 /* UserProductGetResponse.swift */; };
		877C408C288B17A6001F4C28 /* Condition.swift in Sources */ = {isa = PBXBuildFile; fileRef = 877C408B288B17A6001F4C28 /* Condition.swift */; };
		877C408F288B2E1C001F4C28 /* RecommendProductManager.swift in Sources */ = {isa = PBXBuildFile; fileRef = 877C408E288B2E1C001F4C28 /* RecommendProductManager.swift */; };
		877C4091288B2E2D001F4C28 /* RecommendProductResponse.swift in Sources */ = {isa = PBXBuildFile; fileRef = 877C4090288B2E2D001F4C28 /* RecommendProductResponse.swift */; };
		877C4093288B3E53001F4C28 /* NotificationCenter.swift in Sources */ = {isa = PBXBuildFile; fileRef = 877C4092288B3E53001F4C28 /* NotificationCenter.swift */; };
		877C4095288B4302001F4C28 /* DataCheat.swift in Sources */ = {isa = PBXBuildFile; fileRef = 877C4094288B4302001F4C28 /* DataCheat.swift */; };
		877C896B2887CDB500C79ADC /* MenuCollectionCell.swift in Sources */ = {isa = PBXBuildFile; fileRef = 877C89692887CDB500C79ADC /* MenuCollectionCell.swift */; };
		877C896C2887CDB500C79ADC /* MenuCollectionCell.xib in Resources */ = {isa = PBXBuildFile; fileRef = 877C896A2887CDB500C79ADC /* MenuCollectionCell.xib */; };
		877C896F2888123B00C79ADC /* Category.swift in Sources */ = {isa = PBXBuildFile; fileRef = 877C896E2888123B00C79ADC /* Category.swift */; };
		877C89732888155700C79ADC /* FirstCategoryManager.swift in Sources */ = {isa = PBXBuildFile; fileRef = 877C89722888155700C79ADC /* FirstCategoryManager.swift */; };
		877C89752888156300C79ADC /* FirstCategoryResponse.swift in Sources */ = {isa = PBXBuildFile; fileRef = 877C89742888156300C79ADC /* FirstCategoryResponse.swift */; };
		877C8977288816EC00C79ADC /* SecondCategoryManger.swift in Sources */ = {isa = PBXBuildFile; fileRef = 877C8976288816EC00C79ADC /* SecondCategoryManger.swift */; };
		877C8979288816F900C79ADC /* SecondCategoryResponse.swift in Sources */ = {isa = PBXBuildFile; fileRef = 877C8978288816F900C79ADC /* SecondCategoryResponse.swift */; };
		877C897B28884B8E00C79ADC /* Storyboard.swift in Sources */ = {isa = PBXBuildFile; fileRef = 877C897A28884B8E00C79ADC /* Storyboard.swift */; };
		877C897D28888F3E00C79ADC /* Default.swift in Sources */ = {isa = PBXBuildFile; fileRef = 877C897C28888F3E00C79ADC /* Default.swift */; };
		877C8981288893E900C79ADC /* TagCollectionViewCell.swift in Sources */ = {isa = PBXBuildFile; fileRef = 877C8980288893E900C79ADC /* TagCollectionViewCell.swift */; };
		877C8983288960BA00C79ADC /* SignUpResponse.swift in Sources */ = {isa = PBXBuildFile; fileRef = 877C8982288960BA00C79ADC /* SignUpResponse.swift */; };
		877C89852889CCF300C79ADC /* ProductPostModel.swift in Sources */ = {isa = PBXBuildFile; fileRef = 877C89842889CCF300C79ADC /* ProductPostModel.swift */; };
		877C89872889DCB500C79ADC /* UIStackView+.swift in Sources */ = {isa = PBXBuildFile; fileRef = 877C89862889DCB500C79ADC /* UIStackView+.swift */; };
		877C89892889E74000C79ADC /* Int+.swift in Sources */ = {isa = PBXBuildFile; fileRef = 877C89882889E74000C79ADC /* Int+.swift */; };
		877C898B2889EF6D00C79ADC /* Error.swift in Sources */ = {isa = PBXBuildFile; fileRef = 877C898A2889EF6D00C79ADC /* Error.swift */; };
		877C898F288A009200C79ADC /* productPostManager.swift in Sources */ = {isa = PBXBuildFile; fileRef = 877C898E288A009200C79ADC /* productPostManager.swift */; };
		877C8991288A00A300C79ADC /* productPostResponse.swift in Sources */ = {isa = PBXBuildFile; fileRef = 877C8990288A00A300C79ADC /* productPostResponse.swift */; };
		877F20372885A04200F1EEA9 /* OptionBottomSheet.swift in Sources */ = {isa = PBXBuildFile; fileRef = 877F20362885A04200F1EEA9 /* OptionBottomSheet.swift */; };
		877F20392885A8B800F1EEA9 /* Color.swift in Sources */ = {isa = PBXBuildFile; fileRef = 877F20382885A8B800F1EEA9 /* Color.swift */; };
		877F203C2885B3F600F1EEA9 /* OptionModel.swift in Sources */ = {isa = PBXBuildFile; fileRef = 877F203B2885B3F600F1EEA9 /* OptionModel.swift */; };
		877F20422885EB7400F1EEA9 /* CategoryTableViewCell.swift in Sources */ = {isa = PBXBuildFile; fileRef = 877F20412885EB7400F1EEA9 /* CategoryTableViewCell.swift */; };
		877F20442885EBF900F1EEA9 /* Segue.swift in Sources */ = {isa = PBXBuildFile; fileRef = 877F20432885EBF900F1EEA9 /* Segue.swift */; };
		877F20462885F17D00F1EEA9 /* SecondCategoryViewController.swift in Sources */ = {isa = PBXBuildFile; fileRef = 877F20452885F17D00F1EEA9 /* SecondCategoryViewController.swift */; };
		877F204A2887186600F1EEA9 /* LoginSignUpViewController.swift in Sources */ = {isa = PBXBuildFile; fileRef = 877F20492887186600F1EEA9 /* LoginSignUpViewController.swift */; };
		877F204C2887225600F1EEA9 /* SignUpManager.swift in Sources */ = {isa = PBXBuildFile; fileRef = 877F204B2887225600F1EEA9 /* SignUpManager.swift */; };
		877F205128874B2C00F1EEA9 /* HomeTotalMenuViewController.swift in Sources */ = {isa = PBXBuildFile; fileRef = 877F205028874B2C00F1EEA9 /* HomeTotalMenuViewController.swift */; };
		877F205328874CBE00F1EEA9 /* HomeTotalCategoryTabManViewController.swift in Sources */ = {isa = PBXBuildFile; fileRef = 877F205228874CBE00F1EEA9 /* HomeTotalCategoryTabManViewController.swift */; };
		877F205828874D9E00F1EEA9 /* TotalMenuCategoryVC.swift in Sources */ = {isa = PBXBuildFile; fileRef = 877F205728874D9E00F1EEA9 /* TotalMenuCategoryVC.swift */; };
		877F205A28874DC600F1EEA9 /* TotalMenuBrandVC.swift in Sources */ = {isa = PBXBuildFile; fileRef = 877F205928874DC600F1EEA9 /* TotalMenuBrandVC.swift */; };
		877F205C28874DED00F1EEA9 /* TotalMenuServiceVC.swift in Sources */ = {isa = PBXBuildFile; fileRef = 877F205B28874DED00F1EEA9 /* TotalMenuServiceVC.swift */; };
		877F205F2887AE5300F1EEA9 /* Cell.swift in Sources */ = {isa = PBXBuildFile; fileRef = 877F205E2887AE5300F1EEA9 /* Cell.swift */; };
		87818148288F16FE00E39B6F /* CategoryProductManager.swift in Sources */ = {isa = PBXBuildFile; fileRef = 87818147288F16FE00E39B6F /* CategoryProductManager.swift */; };
		8781814A288F184600E39B6F /* CategoryProductResponse.swift in Sources */ = {isa = PBXBuildFile; fileRef = 87818149288F184600E39B6F /* CategoryProductResponse.swift */; };
		8781814C2890099F00E39B6F /* Show.swift in Sources */ = {isa = PBXBuildFile; fileRef = 8781814B2890099F00E39B6F /* Show.swift */; };
		87818151289015E100E39B6F /* Type.swift in Sources */ = {isa = PBXBuildFile; fileRef = 87818150289015E100E39B6F /* Type.swift */; };
		87818153289061FE00E39B6F /* UITextField+.swift in Sources */ = {isa = PBXBuildFile; fileRef = 87818152289061FE00E39B6F /* UITextField+.swift */; };
		878181562890642900E39B6F /* RecentSearchCollectionViewCell.swift in Sources */ = {isa = PBXBuildFile; fileRef = 878181552890642900E39B6F /* RecentSearchCollectionViewCell.swift */; };
		87818158289064E700E39B6F /* RecentSearchManger.swift in Sources */ = {isa = PBXBuildFile; fileRef = 87818157289064E700E39B6F /* RecentSearchManger.swift */; };
		8781815B2890659500E39B6F /* RecentSearchResponse.swift in Sources */ = {isa = PBXBuildFile; fileRef = 8781815A2890659500E39B6F /* RecentSearchResponse.swift */; };
		8781815D2890691900E39B6F /* HotSearchCollectionViewCell.swift in Sources */ = {isa = PBXBuildFile; fileRef = 8781815C2890691900E39B6F /* HotSearchCollectionViewCell.swift */; };
		8781815F2890699C00E39B6F /* HotSearchManager.swift in Sources */ = {isa = PBXBuildFile; fileRef = 8781815E2890699C00E39B6F /* HotSearchManager.swift */; };
		87818161289069A600E39B6F /* HotSearchResponse.swift in Sources */ = {isa = PBXBuildFile; fileRef = 87818160289069A600E39B6F /* HotSearchResponse.swift */; };
		8781816328906D9900E39B6F /* DeleteRecentSearchManager.swift in Sources */ = {isa = PBXBuildFile; fileRef = 8781816228906D9900E39B6F /* DeleteRecentSearchManager.swift */; };
		8781816528906DB000E39B6F /* DeleteRecentSearchResponse.swift in Sources */ = {isa = PBXBuildFile; fileRef = 8781816428906DB000E39B6F /* DeleteRecentSearchResponse.swift */; };
		878181672890739B00E39B6F /* KeywordProductManager.swift in Sources */ = {isa = PBXBuildFile; fileRef = 878181662890739B00E39B6F /* KeywordProductManager.swift */; };
		87818169289073AA00E39B6F /* KeywordProductResponse.swift in Sources */ = {isa = PBXBuildFile; fileRef = 87818168289073AA00E39B6F /* KeywordProductResponse.swift */; };
/* End PBXBuildFile section */

/* Begin PBXFileReference section */
		098D35EDF39F290C4DC70042 /* Pods-BunJang.debug.xcconfig */ = {isa = PBXFileReference; includeInIndex = 1; lastKnownFileType = text.xcconfig; name = "Pods-BunJang.debug.xcconfig"; path = "Target Support Files/Pods-BunJang/Pods-BunJang.debug.xcconfig"; sourceTree = "<group>"; };
		689B71A9E8E0FF6AB688A6E1 /* Pods_BunJang.framework */ = {isa = PBXFileReference; explicitFileType = wrapper.framework; includeInIndex = 0; path = Pods_BunJang.framework; sourceTree = BUILT_PRODUCTS_DIR; };
		87442BAE2882DED300E7AF3A /* Secret.swift */ = {isa = PBXFileReference; lastKnownFileType = sourcecode.swift; path = Secret.swift; sourceTree = "<group>"; };
		87442BB12882E5A300E7AF3A /* User.swift */ = {isa = PBXFileReference; lastKnownFileType = sourcecode.swift; path = User.swift; sourceTree = "<group>"; };
		87442BB32882E6B400E7AF3A /* LoginViewController.swift */ = {isa = PBXFileReference; lastKnownFileType = sourcecode.swift; path = LoginViewController.swift; sourceTree = "<group>"; };
		87442BB52882EB9E00E7AF3A /* HomeMainViewController.swift */ = {isa = PBXFileReference; lastKnownFileType = sourcecode.swift; path = HomeMainViewController.swift; sourceTree = "<group>"; };
		87442BB82882F0AF00E7AF3A /* Tab.storyboard */ = {isa = PBXFileReference; lastKnownFileType = file.storyboard; path = Tab.storyboard; sourceTree = "<group>"; };
		87442BBA2883014900E7AF3A /* PostMainViewController.swift */ = {isa = PBXFileReference; lastKnownFileType = sourcecode.swift; path = PostMainViewController.swift; sourceTree = "<group>"; };
		87442BBC2883016600E7AF3A /* ChatMainViewController.swift */ = {isa = PBXFileReference; lastKnownFileType = sourcecode.swift; path = ChatMainViewController.swift; sourceTree = "<group>"; };
		87442BBE2883017D00E7AF3A /* MyMainViewController.swift */ = {isa = PBXFileReference; lastKnownFileType = sourcecode.swift; path = MyMainViewController.swift; sourceTree = "<group>"; };
		87442BC12883020C00E7AF3A /* Search.storyboard */ = {isa = PBXFileReference; lastKnownFileType = file.storyboard; path = Search.storyboard; sourceTree = "<group>"; };
		87442BC32883021800E7AF3A /* SearchMainViewController.swift */ = {isa = PBXFileReference; lastKnownFileType = sourcecode.swift; path = SearchMainViewController.swift; sourceTree = "<group>"; };
		87442BC52883035900E7AF3A /* BaseTabBarController.swift */ = {isa = PBXFileReference; lastKnownFileType = sourcecode.swift; path = BaseTabBarController.swift; sourceTree = "<group>"; };
		87442BCC2883389900E7AF3A /* HomeTabManViewController.swift */ = {isa = PBXFileReference; lastKnownFileType = sourcecode.swift; path = HomeTabManViewController.swift; sourceTree = "<group>"; };
		87442BCE28833A0C00E7AF3A /* HomeRecommendProductViewController.swift */ = {isa = PBXFileReference; lastKnownFileType = sourcecode.swift; path = HomeRecommendProductViewController.swift; sourceTree = "<group>"; };
		87442BD0288340AD00E7AF3A /* HomeBrandViewController.swift */ = {isa = PBXFileReference; lastKnownFileType = sourcecode.swift; path = HomeBrandViewController.swift; sourceTree = "<group>"; };
		87442BD22883442400E7AF3A /* RecommendProductCollectionViewCell.swift */ = {isa = PBXFileReference; lastKnownFileType = sourcecode.swift; path = RecommendProductCollectionViewCell.swift; sourceTree = "<group>"; };
		87442BD5288345B400E7AF3A /* ProductModel.swift */ = {isa = PBXFileReference; lastKnownFileType = sourcecode.swift; path = ProductModel.swift; sourceTree = "<group>"; };
		87442BDB2883F48F00E7AF3A /* PostCategoryViewController.swift */ = {isa = PBXFileReference; lastKnownFileType = sourcecode.swift; path = PostCategoryViewController.swift; sourceTree = "<group>"; };
		87442BDD2883F49B00E7AF3A /* PostTagViewController.swift */ = {isa = PBXFileReference; lastKnownFileType = sourcecode.swift; path = PostTagViewController.swift; sourceTree = "<group>"; };
		87442BDF288414B700E7AF3A /* CALayer+.swift */ = {isa = PBXFileReference; lastKnownFileType = sourcecode.swift; path = "CALayer+.swift"; sourceTree = "<group>"; };
		87442BE228841EC100E7AF3A /* BannerManager.swift */ = {isa = PBXFileReference; lastKnownFileType = sourcecode.swift; path = BannerManager.swift; sourceTree = "<group>"; };
		87442BE428841F0500E7AF3A /* API.swift */ = {isa = PBXFileReference; lastKnownFileType = sourcecode.swift; path = API.swift; sourceTree = "<group>"; };
		87442BE6288423BB00E7AF3A /* BannerResponse.swift */ = {isa = PBXFileReference; lastKnownFileType = sourcecode.swift; path = BannerResponse.swift; sourceTree = "<group>"; };
		87442BE9288425F700E7AF3A /* NetworkResult.swift */ = {isa = PBXFileReference; lastKnownFileType = sourcecode.swift; path = NetworkResult.swift; sourceTree = "<group>"; };
		87442BEC2884300F00E7AF3A /* Product.storyboard */ = {isa = PBXFileReference; lastKnownFileType = file.storyboard; path = Product.storyboard; sourceTree = "<group>"; };
		87442BEE2884301E00E7AF3A /* ProductViewController.swift */ = {isa = PBXFileReference; lastKnownFileType = sourcecode.swift; path = ProductViewController.swift; sourceTree = "<group>"; };
		87442BFC28844D8900E7AF3A /* CategoryTagCollectionViewCell.swift */ = {isa = PBXFileReference; lastKnownFileType = sourcecode.swift; path = CategoryTagCollectionViewCell.swift; sourceTree = "<group>"; };
		877019572882651D0003441E /* BunJang.app */ = {isa = PBXFileReference; explicitFileType = wrapper.application; includeInIndex = 0; path = BunJang.app; sourceTree = BUILT_PRODUCTS_DIR; };
		8770195A2882651D0003441E /* AppDelegate.swift */ = {isa = PBXFileReference; lastKnownFileType = sourcecode.swift; path = AppDelegate.swift; sourceTree = "<group>"; };
		8770195C2882651D0003441E /* SceneDelegate.swift */ = {isa = PBXFileReference; lastKnownFileType = sourcecode.swift; path = SceneDelegate.swift; sourceTree = "<group>"; };
		877019612882651D0003441E /* Base */ = {isa = PBXFileReference; lastKnownFileType = file.storyboard; name = Base; path = Base.lproj/Home.storyboard; sourceTree = "<group>"; };
		877019632882651E0003441E /* Assets.xcassets */ = {isa = PBXFileReference; lastKnownFileType = folder.assetcatalog; path = Assets.xcassets; sourceTree = "<group>"; };
		877019662882651E0003441E /* Base */ = {isa = PBXFileReference; lastKnownFileType = file.storyboard; name = Base; path = Base.lproj/LaunchScreen.storyboard; sourceTree = "<group>"; };
		877019682882651E0003441E /* Info.plist */ = {isa = PBXFileReference; lastKnownFileType = text.plist.xml; path = Info.plist; sourceTree = "<group>"; };
		87701976288266EF0003441E /* IndicatorView.swift */ = {isa = PBXFileReference; lastKnownFileType = sourcecode.swift; path = IndicatorView.swift; sourceTree = "<group>"; };
		87701978288266FF0003441E /* Device.swift */ = {isa = PBXFileReference; lastKnownFileType = sourcecode.swift; path = Device.swift; sourceTree = "<group>"; };
		87701982288269E70003441E /* BaseViewController.swift */ = {isa = PBXFileReference; lastKnownFileType = sourcecode.swift; path = BaseViewController.swift; sourceTree = "<group>"; };
		8770198428826A3B0003441E /* Date+.swift */ = {isa = PBXFileReference; lastKnownFileType = sourcecode.swift; path = "Date+.swift"; sourceTree = "<group>"; };
		8770198628826A4B0003441E /* String+.swift */ = {isa = PBXFileReference; lastKnownFileType = sourcecode.swift; path = "String+.swift"; sourceTree = "<group>"; };
		8770198828826A590003441E /* UIColor+.swift */ = {isa = PBXFileReference; lastKnownFileType = sourcecode.swift; path = "UIColor+.swift"; sourceTree = "<group>"; };
		8770198A28826A680003441E /* UIFont+.swift */ = {isa = PBXFileReference; lastKnownFileType = sourcecode.swift; path = "UIFont+.swift"; sourceTree = "<group>"; };
		8770198C28826A730003441E /* UIButton+.swift */ = {isa = PBXFileReference; lastKnownFileType = sourcecode.swift; path = "UIButton+.swift"; sourceTree = "<group>"; };
		8770198E28826A7E0003441E /* UIViewController+.swift */ = {isa = PBXFileReference; lastKnownFileType = sourcecode.swift; path = "UIViewController+.swift"; sourceTree = "<group>"; };
		8770199028826A960003441E /* UINavigationBar+.swift */ = {isa = PBXFileReference; lastKnownFileType = sourcecode.swift; path = "UINavigationBar+.swift"; sourceTree = "<group>"; };
		8770199228826AF80003441E /* Protocol.swift */ = {isa = PBXFileReference; lastKnownFileType = sourcecode.swift; path = Protocol.swift; sourceTree = "<group>"; };
		8770199428826D260003441E /* Login.storyboard */ = {isa = PBXFileReference; lastKnownFileType = file.storyboard; path = Login.storyboard; sourceTree = "<group>"; };
		8770199628826D360003441E /* Post.storyboard */ = {isa = PBXFileReference; lastKnownFileType = file.storyboard; path = Post.storyboard; sourceTree = "<group>"; };
		8770199828826D4B0003441E /* Chat.storyboard */ = {isa = PBXFileReference; lastKnownFileType = file.storyboard; path = Chat.storyboard; sourceTree = "<group>"; };
		8770199C288272F80003441E /* UIView+.swift */ = {isa = PBXFileReference; lastKnownFileType = sourcecode.swift; path = "UIView+.swift"; sourceTree = "<group>"; };
		8770199E288273730003441E /* UITableViewCell+.swift */ = {isa = PBXFileReference; lastKnownFileType = sourcecode.swift; path = "UITableViewCell+.swift"; sourceTree = "<group>"; };
		877019A0288273800003441E /* UICollectionViewCell+.swift */ = {isa = PBXFileReference; lastKnownFileType = sourcecode.swift; path = "UICollectionViewCell+.swift"; sourceTree = "<group>"; };
		877019A2288274B00003441E /* My.storyboard */ = {isa = PBXFileReference; lastKnownFileType = file.storyboard; path = My.storyboard; sourceTree = "<group>"; };
		877019A42882D65B0003441E /* LoginMainViewController.swift */ = {isa = PBXFileReference; lastKnownFileType = sourcecode.swift; path = LoginMainViewController.swift; sourceTree = "<group>"; };
		877019A72882D7A00003441E /* Image.swift */ = {isa = PBXFileReference; lastKnownFileType = sourcecode.swift; path = Image.swift; sourceTree = "<group>"; };
		877334ED288C39BC000556DD /* MyPageManager.swift */ = {isa = PBXFileReference; lastKnownFileType = sourcecode.swift; path = MyPageManager.swift; sourceTree = "<group>"; };
		877334EF288C39C7000556DD /* MyPageResponse.swift */ = {isa = PBXFileReference; lastKnownFileType = sourcecode.swift; path = MyPageResponse.swift; sourceTree = "<group>"; };
		877334F9288C9323000556DD /* HeartPostManager.swift */ = {isa = PBXFileReference; lastKnownFileType = sourcecode.swift; path = HeartPostManager.swift; sourceTree = "<group>"; };
		877334FB288C950F000556DD /* HeartResponse.swift */ = {isa = PBXFileReference; lastKnownFileType = sourcecode.swift; path = HeartResponse.swift; sourceTree = "<group>"; };
		877334FD288CAA77000556DD /* PostStartVC.swift */ = {isa = PBXFileReference; lastKnownFileType = sourcecode.swift; path = PostStartVC.swift; sourceTree = "<group>"; };
		87733500288D691A000556DD /* TotalReviewViewController.swift */ = {isa = PBXFileReference; lastKnownFileType = sourcecode.swift; path = TotalReviewViewController.swift; sourceTree = "<group>"; };
		87733508288D69ED000556DD /* ReviewTableViewCell.swift */ = {isa = PBXFileReference; lastKnownFileType = sourcecode.swift; path = ReviewTableViewCell.swift; sourceTree = "<group>"; };
		8773350A288D6A59000556DD /* TotalReviewTableViewCell.swift */ = {isa = PBXFileReference; lastKnownFileType = sourcecode.swift; path = TotalReviewTableViewCell.swift; sourceTree = "<group>"; };
		8773350D288D717A000556DD /* TotalReviewManager.swift */ = {isa = PBXFileReference; lastKnownFileType = sourcecode.swift; path = TotalReviewManager.swift; sourceTree = "<group>"; };
		8773350F288D7183000556DD /* TotalReviewResponse.swift */ = {isa = PBXFileReference; lastKnownFileType = sourcecode.swift; path = TotalReviewResponse.swift; sourceTree = "<group>"; };
		87733511288DC214000556DD /* ProductsCollectionViewCell.swift */ = {isa = PBXFileReference; lastKnownFileType = sourcecode.swift; path = ProductsCollectionViewCell.swift; sourceTree = "<group>"; };
		87733512288DC214000556DD /* ProductsCollectionViewCell.xib */ = {isa = PBXFileReference; lastKnownFileType = file.xib; path = ProductsCollectionViewCell.xib; sourceTree = "<group>"; };
		87733515288E9933000556DD /* ProductVC_network.swift */ = {isa = PBXFileReference; lastKnownFileType = sourcecode.swift; path = ProductVC_network.swift; sourceTree = "<group>"; };
		8773351B288E9B5B000556DD /* ProductVC.swift */ = {isa = PBXFileReference; lastKnownFileType = sourcecode.swift; path = ProductVC.swift; sourceTree = "<group>"; };
		87733520288EA713000556DD /* ShowProduct.storyboard */ = {isa = PBXFileReference; lastKnownFileType = file.storyboard; path = ShowProduct.storyboard; sourceTree = "<group>"; };
		87733522288EA722000556DD /* ShowProductViewController.swift */ = {isa = PBXFileReference; lastKnownFileType = sourcecode.swift; path = ShowProductViewController.swift; sourceTree = "<group>"; };
		87733524288F0E73000556DD /* FilterBottomSheet.swift */ = {isa = PBXFileReference; lastKnownFileType = sourcecode.swift; path = FilterBottomSheet.swift; sourceTree = "<group>"; };
		87733529288F1129000556DD /* SecondCategoryCollectionViewCell.swift */ = {isa = PBXFileReference; lastKnownFileType = sourcecode.swift; path = SecondCategoryCollectionViewCell.swift; sourceTree = "<group>"; };
		8773352C288F11CD000556DD /* +Network.swift */ = {isa = PBXFileReference; lastKnownFileType = sourcecode.swift; path = "+Network.swift"; sourceTree = "<group>"; };
		877C4072288AB6A1001F4C28 /* ProductGetManager.swift */ = {isa = PBXFileReference; lastKnownFileType = sourcecode.swift; path = ProductGetManager.swift; sourceTree = "<group>"; };
		877C4074288AB6AD001F4C28 /* ProductGetResponse.swift */ = {isa = PBXFileReference; lastKnownFileType = sourcecode.swift; path = ProductGetResponse.swift; sourceTree = "<group>"; };
		877C4077288AC139001F4C28 /* SignUpModel.swift */ = {isa = PBXFileReference; lastKnownFileType = sourcecode.swift; path = SignUpModel.swift; sourceTree = "<group>"; };
		877C4079288AD73E001F4C28 /* UIImageView+.swift */ = {isa = PBXFileReference; lastKnownFileType = sourcecode.swift; path = "UIImageView+.swift"; sourceTree = "<group>"; };
		877C407F288B0EA1001F4C28 /* MyProductCollectionViewCell.swift */ = {isa = PBXFileReference; lastKnownFileType = sourcecode.swift; path = MyProductCollectionViewCell.swift; sourceTree = "<group>"; };
		877C4080288B0EA1001F4C28 /* MyProductCollectionViewCell.xib */ = {isa = PBXFileReference; lastKnownFileType = file.xib; path = MyProductCollectionViewCell.xib; sourceTree = "<group>"; };
		877C4086288B1596001F4C28 /* UserProductGetManager.swift */ = {isa = PBXFileReference; lastKnownFileType = sourcecode.swift; path = UserProductGetManager.swift; sourceTree = "<group>"; };
		877C4088288B15A5001F4C28 /* UserProductGetResponse.swift */ = {isa = PBXFileReference; lastKnownFileType = sourcecode.swift; path = UserProductGetResponse.swift; sourceTree = "<group>"; };
		877C408B288B17A6001F4C28 /* Condition.swift */ = {isa = PBXFileReference; lastKnownFileType = sourcecode.swift; path = Condition.swift; sourceTree = "<group>"; };
		877C408E288B2E1C001F4C28 /* RecommendProductManager.swift */ = {isa = PBXFileReference; lastKnownFileType = sourcecode.swift; path = RecommendProductManager.swift; sourceTree = "<group>"; };
		877C4090288B2E2D001F4C28 /* RecommendProductResponse.swift */ = {isa = PBXFileReference; lastKnownFileType = sourcecode.swift; path = RecommendProductResponse.swift; sourceTree = "<group>"; };
		877C4092288B3E53001F4C28 /* NotificationCenter.swift */ = {isa = PBXFileReference; lastKnownFileType = sourcecode.swift; path = NotificationCenter.swift; sourceTree = "<group>"; };
		877C4094288B4302001F4C28 /* DataCheat.swift */ = {isa = PBXFileReference; lastKnownFileType = sourcecode.swift; path = DataCheat.swift; sourceTree = "<group>"; };
		877C89692887CDB500C79ADC /* MenuCollectionCell.swift */ = {isa = PBXFileReference; lastKnownFileType = sourcecode.swift; path = MenuCollectionCell.swift; sourceTree = "<group>"; };
		877C896A2887CDB500C79ADC /* MenuCollectionCell.xib */ = {isa = PBXFileReference; lastKnownFileType = file.xib; path = MenuCollectionCell.xib; sourceTree = "<group>"; };
		877C896E2888123B00C79ADC /* Category.swift */ = {isa = PBXFileReference; lastKnownFileType = sourcecode.swift; path = Category.swift; sourceTree = "<group>"; };
		877C89722888155700C79ADC /* FirstCategoryManager.swift */ = {isa = PBXFileReference; lastKnownFileType = sourcecode.swift; path = FirstCategoryManager.swift; sourceTree = "<group>"; };
		877C89742888156300C79ADC /* FirstCategoryResponse.swift */ = {isa = PBXFileReference; lastKnownFileType = sourcecode.swift; path = FirstCategoryResponse.swift; sourceTree = "<group>"; };
		877C8976288816EC00C79ADC /* SecondCategoryManger.swift */ = {isa = PBXFileReference; lastKnownFileType = sourcecode.swift; path = SecondCategoryManger.swift; sourceTree = "<group>"; };
		877C8978288816F900C79ADC /* SecondCategoryResponse.swift */ = {isa = PBXFileReference; lastKnownFileType = sourcecode.swift; path = SecondCategoryResponse.swift; sourceTree = "<group>"; };
		877C897A28884B8E00C79ADC /* Storyboard.swift */ = {isa = PBXFileReference; lastKnownFileType = sourcecode.swift; path = Storyboard.swift; sourceTree = "<group>"; };
		877C897C28888F3E00C79ADC /* Default.swift */ = {isa = PBXFileReference; lastKnownFileType = sourcecode.swift; path = Default.swift; sourceTree = "<group>"; };
		877C8980288893E900C79ADC /* TagCollectionViewCell.swift */ = {isa = PBXFileReference; lastKnownFileType = sourcecode.swift; path = TagCollectionViewCell.swift; sourceTree = "<group>"; };
		877C8982288960BA00C79ADC /* SignUpResponse.swift */ = {isa = PBXFileReference; lastKnownFileType = sourcecode.swift; path = SignUpResponse.swift; sourceTree = "<group>"; };
		877C89842889CCF300C79ADC /* ProductPostModel.swift */ = {isa = PBXFileReference; lastKnownFileType = sourcecode.swift; path = ProductPostModel.swift; sourceTree = "<group>"; };
		877C89862889DCB500C79ADC /* UIStackView+.swift */ = {isa = PBXFileReference; lastKnownFileType = sourcecode.swift; path = "UIStackView+.swift"; sourceTree = "<group>"; };
		877C89882889E74000C79ADC /* Int+.swift */ = {isa = PBXFileReference; lastKnownFileType = sourcecode.swift; path = "Int+.swift"; sourceTree = "<group>"; };
		877C898A2889EF6D00C79ADC /* Error.swift */ = {isa = PBXFileReference; lastKnownFileType = sourcecode.swift; path = Error.swift; sourceTree = "<group>"; };
		877C898E288A009200C79ADC /* productPostManager.swift */ = {isa = PBXFileReference; lastKnownFileType = sourcecode.swift; path = productPostManager.swift; sourceTree = "<group>"; };
		877C8990288A00A300C79ADC /* productPostResponse.swift */ = {isa = PBXFileReference; lastKnownFileType = sourcecode.swift; path = productPostResponse.swift; sourceTree = "<group>"; };
		877F20362885A04200F1EEA9 /* OptionBottomSheet.swift */ = {isa = PBXFileReference; lastKnownFileType = sourcecode.swift; path = OptionBottomSheet.swift; sourceTree = "<group>"; };
		877F20382885A8B800F1EEA9 /* Color.swift */ = {isa = PBXFileReference; lastKnownFileType = sourcecode.swift; path = Color.swift; sourceTree = "<group>"; };
		877F203B2885B3F600F1EEA9 /* OptionModel.swift */ = {isa = PBXFileReference; lastKnownFileType = sourcecode.swift; path = OptionModel.swift; sourceTree = "<group>"; };
		877F20412885EB7400F1EEA9 /* CategoryTableViewCell.swift */ = {isa = PBXFileReference; lastKnownFileType = sourcecode.swift; path = CategoryTableViewCell.swift; sourceTree = "<group>"; };
		877F20432885EBF900F1EEA9 /* Segue.swift */ = {isa = PBXFileReference; lastKnownFileType = sourcecode.swift; path = Segue.swift; sourceTree = "<group>"; };
		877F20452885F17D00F1EEA9 /* SecondCategoryViewController.swift */ = {isa = PBXFileReference; lastKnownFileType = sourcecode.swift; path = SecondCategoryViewController.swift; sourceTree = "<group>"; };
		877F20492887186600F1EEA9 /* LoginSignUpViewController.swift */ = {isa = PBXFileReference; lastKnownFileType = sourcecode.swift; path = LoginSignUpViewController.swift; sourceTree = "<group>"; };
		877F204B2887225600F1EEA9 /* SignUpManager.swift */ = {isa = PBXFileReference; lastKnownFileType = sourcecode.swift; path = SignUpManager.swift; sourceTree = "<group>"; };
		877F205028874B2C00F1EEA9 /* HomeTotalMenuViewController.swift */ = {isa = PBXFileReference; lastKnownFileType = sourcecode.swift; path = HomeTotalMenuViewController.swift; sourceTree = "<group>"; };
		877F205228874CBE00F1EEA9 /* HomeTotalCategoryTabManViewController.swift */ = {isa = PBXFileReference; lastKnownFileType = sourcecode.swift; path = HomeTotalCategoryTabManViewController.swift; sourceTree = "<group>"; };
		877F205728874D9E00F1EEA9 /* TotalMenuCategoryVC.swift */ = {isa = PBXFileReference; lastKnownFileType = sourcecode.swift; path = TotalMenuCategoryVC.swift; sourceTree = "<group>"; };
		877F205928874DC600F1EEA9 /* TotalMenuBrandVC.swift */ = {isa = PBXFileReference; lastKnownFileType = sourcecode.swift; path = TotalMenuBrandVC.swift; sourceTree = "<group>"; };
		877F205B28874DED00F1EEA9 /* TotalMenuServiceVC.swift */ = {isa = PBXFileReference; lastKnownFileType = sourcecode.swift; path = TotalMenuServiceVC.swift; sourceTree = "<group>"; };
		877F205E2887AE5300F1EEA9 /* Cell.swift */ = {isa = PBXFileReference; lastKnownFileType = sourcecode.swift; path = Cell.swift; sourceTree = "<group>"; };
		87818147288F16FE00E39B6F /* CategoryProductManager.swift */ = {isa = PBXFileReference; lastKnownFileType = sourcecode.swift; path = CategoryProductManager.swift; sourceTree = "<group>"; };
		87818149288F184600E39B6F /* CategoryProductResponse.swift */ = {isa = PBXFileReference; lastKnownFileType = sourcecode.swift; path = CategoryProductResponse.swift; sourceTree = "<group>"; };
		8781814B2890099F00E39B6F /* Show.swift */ = {isa = PBXFileReference; lastKnownFileType = sourcecode.swift; path = Show.swift; sourceTree = "<group>"; };
		87818150289015E100E39B6F /* Type.swift */ = {isa = PBXFileReference; lastKnownFileType = sourcecode.swift; path = Type.swift; sourceTree = "<group>"; };
		87818152289061FE00E39B6F /* UITextField+.swift */ = {isa = PBXFileReference; lastKnownFileType = sourcecode.swift; path = "UITextField+.swift"; sourceTree = "<group>"; };
		878181552890642900E39B6F /* RecentSearchCollectionViewCell.swift */ = {isa = PBXFileReference; lastKnownFileType = sourcecode.swift; path = RecentSearchCollectionViewCell.swift; sourceTree = "<group>"; };
		87818157289064E700E39B6F /* RecentSearchManger.swift */ = {isa = PBXFileReference; lastKnownFileType = sourcecode.swift; path = RecentSearchManger.swift; sourceTree = "<group>"; };
		8781815A2890659500E39B6F /* RecentSearchResponse.swift */ = {isa = PBXFileReference; lastKnownFileType = sourcecode.swift; path = RecentSearchResponse.swift; sourceTree = "<group>"; };
		8781815C2890691900E39B6F /* HotSearchCollectionViewCell.swift */ = {isa = PBXFileReference; lastKnownFileType = sourcecode.swift; path = HotSearchCollectionViewCell.swift; sourceTree = "<group>"; };
		8781815E2890699C00E39B6F /* HotSearchManager.swift */ = {isa = PBXFileReference; lastKnownFileType = sourcecode.swift; path = HotSearchManager.swift; sourceTree = "<group>"; };
		87818160289069A600E39B6F /* HotSearchResponse.swift */ = {isa = PBXFileReference; lastKnownFileType = sourcecode.swift; path = HotSearchResponse.swift; sourceTree = "<group>"; };
		8781816228906D9900E39B6F /* DeleteRecentSearchManager.swift */ = {isa = PBXFileReference; lastKnownFileType = sourcecode.swift; path = DeleteRecentSearchManager.swift; sourceTree = "<group>"; };
		8781816428906DB000E39B6F /* DeleteRecentSearchResponse.swift */ = {isa = PBXFileReference; lastKnownFileType = sourcecode.swift; path = DeleteRecentSearchResponse.swift; sourceTree = "<group>"; };
		878181662890739B00E39B6F /* KeywordProductManager.swift */ = {isa = PBXFileReference; lastKnownFileType = sourcecode.swift; path = KeywordProductManager.swift; sourceTree = "<group>"; };
		87818168289073AA00E39B6F /* KeywordProductResponse.swift */ = {isa = PBXFileReference; lastKnownFileType = sourcecode.swift; path = KeywordProductResponse.swift; sourceTree = "<group>"; };
		B78BAAEF7C1078C23C4ED23D /* Pods-BunJang.release.xcconfig */ = {isa = PBXFileReference; includeInIndex = 1; lastKnownFileType = text.xcconfig; name = "Pods-BunJang.release.xcconfig"; path = "Target Support Files/Pods-BunJang/Pods-BunJang.release.xcconfig"; sourceTree = "<group>"; };
/* End PBXFileReference section */

/* Begin PBXFrameworksBuildPhase section */
		877019542882651D0003441E /* Frameworks */ = {
			isa = PBXFrameworksBuildPhase;
			buildActionMask = 2147483647;
			files = (
				1148CE95CCC727BE9CED33F1 /* Pods_BunJang.framework in Frameworks */,
			);
			runOnlyForDeploymentPostprocessing = 0;
		};
/* End PBXFrameworksBuildPhase section */

/* Begin PBXGroup section */
		855E2F7758B3BFD551367CDA /* Pods */ = {
			isa = PBXGroup;
			children = (
				098D35EDF39F290C4DC70042 /* Pods-BunJang.debug.xcconfig */,
				B78BAAEF7C1078C23C4ED23D /* Pods-BunJang.release.xcconfig */,
			);
			path = Pods;
			sourceTree = "<group>";
		};
		87442BB72882F09100E7AF3A /* Tab */ = {
			isa = PBXGroup;
			children = (
				87442BB82882F0AF00E7AF3A /* Tab.storyboard */,
				87442BC52883035900E7AF3A /* BaseTabBarController.swift */,
			);
			path = Tab;
			sourceTree = "<group>";
		};
		87442BC0288301FA00E7AF3A /* Search */ = {
			isa = PBXGroup;
			children = (
				878181542890638000E39B6F /* Cell */,
				87442BC12883020C00E7AF3A /* Search.storyboard */,
				87442BC32883021800E7AF3A /* SearchMainViewController.swift */,
			);
			path = Search;
			sourceTree = "<group>";
		};
		87442BC728831B9D00E7AF3A /* Cell */ = {
			isa = PBXGroup;
			children = (
				87442BD22883442400E7AF3A /* RecommendProductCollectionViewCell.swift */,
				877C89692887CDB500C79ADC /* MenuCollectionCell.swift */,
				877C896A2887CDB500C79ADC /* MenuCollectionCell.xib */,
			);
			path = Cell;
			sourceTree = "<group>";
		};
		87442BD72883F3D900E7AF3A /* Recommend */ = {
			isa = PBXGroup;
			children = (
				87442BCE28833A0C00E7AF3A /* HomeRecommendProductViewController.swift */,
			);
			path = Recommend;
			sourceTree = "<group>";
		};
		87442BD82883F40100E7AF3A /* Brand */ = {
			isa = PBXGroup;
			children = (
				87442BD0288340AD00E7AF3A /* HomeBrandViewController.swift */,
			);
			path = Brand;
			sourceTree = "<group>";
		};
		87442BD92883F46000E7AF3A /* Category */ = {
			isa = PBXGroup;
			children = (
				87442BDB2883F48F00E7AF3A /* PostCategoryViewController.swift */,
				877F20452885F17D00F1EEA9 /* SecondCategoryViewController.swift */,
			);
			path = Category;
			sourceTree = "<group>";
		};
		87442BDA2883F46700E7AF3A /* Tag */ = {
			isa = PBXGroup;
			children = (
				87442BDD2883F49B00E7AF3A /* PostTagViewController.swift */,
			);
			path = Tag;
			sourceTree = "<group>";
		};
		87442BEB28842FD000E7AF3A /* Product */ = {
			isa = PBXGroup;
			children = (
				87442BFB28844D7200E7AF3A /* Cell */,
				87733517288E9AF4000556DD /* Product */,
				877334FF288D6902000556DD /* TotalReview */,
			);
			path = Product;
			sourceTree = "<group>";
		};
		87442BF02884339400E7AF3A /* Model */ = {
			isa = PBXGroup;
			children = (
				877C897C28888F3E00C79ADC /* Default.swift */,
				87442BB12882E5A300E7AF3A /* User.swift */,
				87442BFA28843FF400E7AF3A /* Login */,
				87442BF7288434AF00E7AF3A /* Home */,
				877F203A2885B3EB00F1EEA9 /* Post */,
				877C896D2888122400C79ADC /* Category */,
				877C408A288B1795001F4C28 /* My */,
			);
			path = Model;
			sourceTree = "<group>";
		};
		87442BF12884341900E7AF3A /* Network */ = {
			isa = PBXGroup;
			children = (
				87442BE428841F0500E7AF3A /* API.swift */,
				87442BE9288425F700E7AF3A /* NetworkResult.swift */,
				87442BF32884345F00E7AF3A /* Login */,
				87442BF42884346300E7AF3A /* Home */,
				877C89712888153F00C79ADC /* Category */,
				87442BF52884346A00E7AF3A /* Product */,
				8781814D28900FF500E39B6F /* Products */,
				87818159289064EC00E39B6F /* Search */,
				877C4085288B1432001F4C28 /* My */,
			);
			path = Network;
			sourceTree = "<group>";
		};
		87442BF22884341F00E7AF3A /* View */ = {
			isa = PBXGroup;
			children = (
				8770197A288269250003441E /* Login */,
				87442BB72882F09100E7AF3A /* Tab */,
				8770197B2882692F0003441E /* Home */,
				87442BC0288301FA00E7AF3A /* Search */,
				8770197E288269450003441E /* Post */,
				8770197D2882693B0003441E /* Chat */,
				8770197C288269360003441E /* My */,
				87442BEB28842FD000E7AF3A /* Product */,
				8773351F288EA6DE000556DD /* ShowProduct */,
			);
			path = View;
			sourceTree = "<group>";
		};
		87442BF32884345F00E7AF3A /* Login */ = {
			isa = PBXGroup;
			children = (
				877F204B2887225600F1EEA9 /* SignUpManager.swift */,
				877C8982288960BA00C79ADC /* SignUpResponse.swift */,
			);
			path = Login;
			sourceTree = "<group>";
		};
		87442BF42884346300E7AF3A /* Home */ = {
			isa = PBXGroup;
			children = (
				87442BE228841EC100E7AF3A /* BannerManager.swift */,
				87442BE6288423BB00E7AF3A /* BannerResponse.swift */,
				877C408D288B2E05001F4C28 /* Recommend */,
			);
			path = Home;
			sourceTree = "<group>";
		};
		87442BF52884346A00E7AF3A /* Product */ = {
			isa = PBXGroup;
			children = (
				8773350C288D7155000556DD /* TotalReview */,
				877C898D288A007300C79ADC /* Post */,
				877C4071288AB68B001F4C28 /* Get */,
				877334F8288C91FD000556DD /* Heart */,
			);
			path = Product;
			sourceTree = "<group>";
		};
		87442BF7288434AF00E7AF3A /* Home */ = {
			isa = PBXGroup;
			children = (
				87442BD5288345B400E7AF3A /* ProductModel.swift */,
			);
			path = Home;
			sourceTree = "<group>";
		};
		87442BF8288434FA00E7AF3A /* Resource */ = {
			isa = PBXGroup;
			children = (
				877019632882651E0003441E /* Assets.xcassets */,
				877334F3288C890A000556DD /* Enum */,
				877C898C2889EF7000C79ADC /* Error */,
				8770196F288266950003441E /* Util */,
				87442BF92884352300E7AF3A /* Protocol */,
				8770197F2882698B0003441E /* Extension */,
				877019A62882D7970003441E /* Constant */,
			);
			path = Resource;
			sourceTree = "<group>";
		};
		87442BF92884352300E7AF3A /* Protocol */ = {
			isa = PBXGroup;
			children = (
				8770199228826AF80003441E /* Protocol.swift */,
			);
			path = Protocol;
			sourceTree = "<group>";
		};
		87442BFA28843FF400E7AF3A /* Login */ = {
			isa = PBXGroup;
			children = (
				877C4077288AC139001F4C28 /* SignUpModel.swift */,
			);
			path = Login;
			sourceTree = "<group>";
		};
		87442BFB28844D7200E7AF3A /* Cell */ = {
			isa = PBXGroup;
			children = (
				87442BFC28844D8900E7AF3A /* CategoryTagCollectionViewCell.swift */,
				87733508288D69ED000556DD /* ReviewTableViewCell.swift */,
				8773350A288D6A59000556DD /* TotalReviewTableViewCell.swift */,
				87733511288DC214000556DD /* ProductsCollectionViewCell.swift */,
				87733512288DC214000556DD /* ProductsCollectionViewCell.xib */,
			);
			path = Cell;
			sourceTree = "<group>";
		};
		8770194E2882651D0003441E = {
			isa = PBXGroup;
			children = (
				877019592882651D0003441E /* BunJang */,
				877019582882651D0003441E /* Products */,
				855E2F7758B3BFD551367CDA /* Pods */,
				8AE4C1C67F71AF556431CF53 /* Frameworks */,
			);
			sourceTree = "<group>";
		};
		877019582882651D0003441E /* Products */ = {
			isa = PBXGroup;
			children = (
				877019572882651D0003441E /* BunJang.app */,
			);
			name = Products;
			sourceTree = "<group>";
		};
		877019592882651D0003441E /* BunJang */ = {
			isa = PBXGroup;
			children = (
				8770196E288266770003441E /* Configuration */,
				87442BF8288434FA00E7AF3A /* Resource */,
				877019702882669A0003441E /* Source */,
			);
			path = BunJang;
			sourceTree = "<group>";
		};
		8770196E288266770003441E /* Configuration */ = {
			isa = PBXGroup;
			children = (
				877019682882651E0003441E /* Info.plist */,
				8770195C2882651D0003441E /* SceneDelegate.swift */,
				8770195A2882651D0003441E /* AppDelegate.swift */,
				87701973288266B70003441E /* Secret */,
				87701975288266D10003441E /* Base */,
			);
			path = Configuration;
			sourceTree = "<group>";
		};
		8770196F288266950003441E /* Util */ = {
			isa = PBXGroup;
			children = (
				87701976288266EF0003441E /* IndicatorView.swift */,
				87701978288266FF0003441E /* Device.swift */,
			);
			path = Util;
			sourceTree = "<group>";
		};
		877019702882669A0003441E /* Source */ = {
			isa = PBXGroup;
			children = (
				87442BF12884341900E7AF3A /* Network */,
				87442BF02884339400E7AF3A /* Model */,
				87442BF22884341F00E7AF3A /* View */,
			);
			path = Source;
			sourceTree = "<group>";
		};
		87701973288266B70003441E /* Secret */ = {
			isa = PBXGroup;
			children = (
				87442BAE2882DED300E7AF3A /* Secret.swift */,
			);
			path = Secret;
			sourceTree = "<group>";
		};
		87701975288266D10003441E /* Base */ = {
			isa = PBXGroup;
			children = (
				877019652882651E0003441E /* LaunchScreen.storyboard */,
				87701982288269E70003441E /* BaseViewController.swift */,
				877C4094288B4302001F4C28 /* DataCheat.swift */,
			);
			path = Base;
			sourceTree = "<group>";
		};
		8770197A288269250003441E /* Login */ = {
			isa = PBXGroup;
			children = (
				8770199428826D260003441E /* Login.storyboard */,
				877019A42882D65B0003441E /* LoginMainViewController.swift */,
				877F20482887166A00F1EEA9 /* SignUp */,
				877F20472887165F00F1EEA9 /* SignIn */,
			);
			path = Login;
			sourceTree = "<group>";
		};
		8770197B2882692F0003441E /* Home */ = {
			isa = PBXGroup;
			children = (
				87442BC728831B9D00E7AF3A /* Cell */,
				877019602882651D0003441E /* Home.storyboard */,
				87442BB52882EB9E00E7AF3A /* HomeMainViewController.swift */,
				87442BCC2883389900E7AF3A /* HomeTabManViewController.swift */,
				87442BD72883F3D900E7AF3A /* Recommend */,
				87442BD82883F40100E7AF3A /* Brand */,
				877F204F28874B0B00F1EEA9 /* TotalMenu */,
			);
			path = Home;
			sourceTree = "<group>";
		};
		8770197C288269360003441E /* My */ = {
			isa = PBXGroup;
			children = (
				877C407C288B0BB7001F4C28 /* Cell */,
				877019A2288274B00003441E /* My.storyboard */,
				87442BBE2883017D00E7AF3A /* MyMainViewController.swift */,
			);
			path = My;
			sourceTree = "<group>";
		};
		8770197D2882693B0003441E /* Chat */ = {
			isa = PBXGroup;
			children = (
				8770199828826D4B0003441E /* Chat.storyboard */,
				87442BBC2883016600E7AF3A /* ChatMainViewController.swift */,
			);
			path = Chat;
			sourceTree = "<group>";
		};
		8770197E288269450003441E /* Post */ = {
			isa = PBXGroup;
			children = (
				877F20402885EB5F00F1EEA9 /* Cell */,
				8770199628826D360003441E /* Post.storyboard */,
				87442BBA2883014900E7AF3A /* PostMainViewController.swift */,
				877F20352885A01F00F1EEA9 /* Option */,
				87442BD92883F46000E7AF3A /* Category */,
				87442BDA2883F46700E7AF3A /* Tag */,
				877334FD288CAA77000556DD /* PostStartVC.swift */,
			);
			path = Post;
			sourceTree = "<group>";
		};
		8770197F2882698B0003441E /* Extension */ = {
			isa = PBXGroup;
			children = (
				877C89882889E74000C79ADC /* Int+.swift */,
				8770198428826A3B0003441E /* Date+.swift */,
				8770198628826A4B0003441E /* String+.swift */,
				8770198828826A590003441E /* UIColor+.swift */,
				8770198A28826A680003441E /* UIFont+.swift */,
				8770198C28826A730003441E /* UIButton+.swift */,
				8770198E28826A7E0003441E /* UIViewController+.swift */,
				8770199028826A960003441E /* UINavigationBar+.swift */,
				8770199C288272F80003441E /* UIView+.swift */,
				8770199E288273730003441E /* UITableViewCell+.swift */,
				877019A0288273800003441E /* UICollectionViewCell+.swift */,
				87442BDF288414B700E7AF3A /* CALayer+.swift */,
				877C89862889DCB500C79ADC /* UIStackView+.swift */,
				877C4079288AD73E001F4C28 /* UIImageView+.swift */,
				87818152289061FE00E39B6F /* UITextField+.swift */,
			);
			path = Extension;
			sourceTree = "<group>";
		};
		877019A62882D7970003441E /* Constant */ = {
			isa = PBXGroup;
			children = (
				877019A72882D7A00003441E /* Image.swift */,
				877F20382885A8B800F1EEA9 /* Color.swift */,
				877F20432885EBF900F1EEA9 /* Segue.swift */,
				877F205E2887AE5300F1EEA9 /* Cell.swift */,
				877C897A28884B8E00C79ADC /* Storyboard.swift */,
				877C4092288B3E53001F4C28 /* NotificationCenter.swift */,
			);
			path = Constant;
			sourceTree = "<group>";
		};
		877334F3288C890A000556DD /* Enum */ = {
			isa = PBXGroup;
			children = (
				8781814B2890099F00E39B6F /* Show.swift */,
				87818150289015E100E39B6F /* Type.swift */,
				877C408B288B17A6001F4C28 /* Condition.swift */,
			);
			path = Enum;
			sourceTree = "<group>";
		};
		877334F8288C91FD000556DD /* Heart */ = {
			isa = PBXGroup;
			children = (
				877334F9288C9323000556DD /* HeartPostManager.swift */,
				877334FB288C950F000556DD /* HeartResponse.swift */,
			);
			path = Heart;
			sourceTree = "<group>";
		};
		877334FF288D6902000556DD /* TotalReview */ = {
			isa = PBXGroup;
			children = (
				87733500288D691A000556DD /* TotalReviewViewController.swift */,
			);
			path = TotalReview;
			sourceTree = "<group>";
		};
		8773350C288D7155000556DD /* TotalReview */ = {
			isa = PBXGroup;
			children = (
				8773350D288D717A000556DD /* TotalReviewManager.swift */,
				8773350F288D7183000556DD /* TotalReviewResponse.swift */,
			);
			path = TotalReview;
			sourceTree = "<group>";
		};
		87733517288E9AF4000556DD /* Product */ = {
			isa = PBXGroup;
			children = (
				87442BEE2884301E00E7AF3A /* ProductViewController.swift */,
				87442BEC2884300F00E7AF3A /* Product.storyboard */,
				8773351A288E9B2A000556DD /* Network */,
				87733518288E9B07000556DD /* ScrollDelegate */,
			);
			path = Product;
			sourceTree = "<group>";
		};
		87733518288E9B07000556DD /* ScrollDelegate */ = {
			isa = PBXGroup;
			children = (
				8773351B288E9B5B000556DD /* ProductVC.swift */,
			);
			path = ScrollDelegate;
			sourceTree = "<group>";
		};
		8773351A288E9B2A000556DD /* Network */ = {
			isa = PBXGroup;
			children = (
				87733515288E9933000556DD /* ProductVC_network.swift */,
			);
			path = Network;
			sourceTree = "<group>";
		};
		8773351F288EA6DE000556DD /* ShowProduct */ = {
			isa = PBXGroup;
			children = (
				87733526288F10F1000556DD /* Cell */,
				87733520288EA713000556DD /* ShowProduct.storyboard */,
				87733522288EA722000556DD /* ShowProductViewController.swift */,
				87733524288F0E73000556DD /* FilterBottomSheet.swift */,
				8773352B288F11B0000556DD /* Network */,
			);
			path = ShowProduct;
			sourceTree = "<group>";
		};
		87733526288F10F1000556DD /* Cell */ = {
			isa = PBXGroup;
			children = (
				87733529288F1129000556DD /* SecondCategoryCollectionViewCell.swift */,
			);
			path = Cell;
			sourceTree = "<group>";
		};
		8773352B288F11B0000556DD /* Network */ = {
			isa = PBXGroup;
			children = (
				8773352C288F11CD000556DD /* +Network.swift */,
			);
			path = Network;
			sourceTree = "<group>";
		};
		8773352F288F1685000556DD /* Category */ = {
			isa = PBXGroup;
			children = (
				87818147288F16FE00E39B6F /* CategoryProductManager.swift */,
				87818149288F184600E39B6F /* CategoryProductResponse.swift */,
			);
			path = Category;
			sourceTree = "<group>";
		};
		877C4071288AB68B001F4C28 /* Get */ = {
			isa = PBXGroup;
			children = (
				877C4072288AB6A1001F4C28 /* ProductGetManager.swift */,
				877C4074288AB6AD001F4C28 /* ProductGetResponse.swift */,
			);
			path = Get;
			sourceTree = "<group>";
		};
		877C407C288B0BB7001F4C28 /* Cell */ = {
			isa = PBXGroup;
			children = (
				877C407F288B0EA1001F4C28 /* MyProductCollectionViewCell.swift */,
				877C4080288B0EA1001F4C28 /* MyProductCollectionViewCell.xib */,
			);
			path = Cell;
			sourceTree = "<group>";
		};
		877C4085288B1432001F4C28 /* My */ = {
			isa = PBXGroup;
			children = (
				877334ED288C39BC000556DD /* MyPageManager.swift */,
				877334EF288C39C7000556DD /* MyPageResponse.swift */,
			);
			path = My;
			sourceTree = "<group>";
		};
		877C408A288B1795001F4C28 /* My */ = {
			isa = PBXGroup;
			children = (
			);
			path = My;
			sourceTree = "<group>";
		};
		877C408D288B2E05001F4C28 /* Recommend */ = {
			isa = PBXGroup;
			children = (
				877C408E288B2E1C001F4C28 /* RecommendProductManager.swift */,
				877C4090288B2E2D001F4C28 /* RecommendProductResponse.swift */,
			);
			path = Recommend;
			sourceTree = "<group>";
		};
		877C896D2888122400C79ADC /* Category */ = {
			isa = PBXGroup;
			children = (
				877C896E2888123B00C79ADC /* Category.swift */,
			);
			path = Category;
			sourceTree = "<group>";
		};
		877C89712888153F00C79ADC /* Category */ = {
			isa = PBXGroup;
			children = (
				877C89722888155700C79ADC /* FirstCategoryManager.swift */,
				877C89742888156300C79ADC /* FirstCategoryResponse.swift */,
				877C8976288816EC00C79ADC /* SecondCategoryManger.swift */,
				877C8978288816F900C79ADC /* SecondCategoryResponse.swift */,
			);
			path = Category;
			sourceTree = "<group>";
		};
		877C898C2889EF7000C79ADC /* Error */ = {
			isa = PBXGroup;
			children = (
				877C898A2889EF6D00C79ADC /* Error.swift */,
			);
			path = Error;
			sourceTree = "<group>";
		};
		877C898D288A007300C79ADC /* Post */ = {
			isa = PBXGroup;
			children = (
				877C898E288A009200C79ADC /* productPostManager.swift */,
				877C8990288A00A300C79ADC /* productPostResponse.swift */,
			);
			path = Post;
			sourceTree = "<group>";
		};
		877F20352885A01F00F1EEA9 /* Option */ = {
			isa = PBXGroup;
			children = (
				877F20362885A04200F1EEA9 /* OptionBottomSheet.swift */,
			);
			path = Option;
			sourceTree = "<group>";
		};
		877F203A2885B3EB00F1EEA9 /* Post */ = {
			isa = PBXGroup;
			children = (
				877C89842889CCF300C79ADC /* ProductPostModel.swift */,
				877F203B2885B3F600F1EEA9 /* OptionModel.swift */,
			);
			path = Post;
			sourceTree = "<group>";
		};
		877F20402885EB5F00F1EEA9 /* Cell */ = {
			isa = PBXGroup;
			children = (
				877F20412885EB7400F1EEA9 /* CategoryTableViewCell.swift */,
				877C8980288893E900C79ADC /* TagCollectionViewCell.swift */,
			);
			path = Cell;
			sourceTree = "<group>";
		};
		877F20472887165F00F1EEA9 /* SignIn */ = {
			isa = PBXGroup;
			children = (
				87442BB32882E6B400E7AF3A /* LoginViewController.swift */,
			);
			path = SignIn;
			sourceTree = "<group>";
		};
		877F20482887166A00F1EEA9 /* SignUp */ = {
			isa = PBXGroup;
			children = (
				877F20492887186600F1EEA9 /* LoginSignUpViewController.swift */,
			);
			path = SignUp;
			sourceTree = "<group>";
		};
		877F204F28874B0B00F1EEA9 /* TotalMenu */ = {
			isa = PBXGroup;
			children = (
				877F205D2887537200F1EEA9 /* Cell */,
				877F205028874B2C00F1EEA9 /* HomeTotalMenuViewController.swift */,
				877F205228874CBE00F1EEA9 /* HomeTotalCategoryTabManViewController.swift */,
				877F205428874D2800F1EEA9 /* Category */,
				877F205528874D3600F1EEA9 /* Brand */,
				877F205628874D3A00F1EEA9 /* Service */,
			);
			path = TotalMenu;
			sourceTree = "<group>";
		};
		877F205428874D2800F1EEA9 /* Category */ = {
			isa = PBXGroup;
			children = (
				877F205728874D9E00F1EEA9 /* TotalMenuCategoryVC.swift */,
			);
			name = Category;
			path = "교Category";
			sourceTree = "<group>";
		};
		877F205528874D3600F1EEA9 /* Brand */ = {
			isa = PBXGroup;
			children = (
				877F205928874DC600F1EEA9 /* TotalMenuBrandVC.swift */,
			);
			path = Brand;
			sourceTree = "<group>";
		};
		877F205628874D3A00F1EEA9 /* Service */ = {
			isa = PBXGroup;
			children = (
				877F205B28874DED00F1EEA9 /* TotalMenuServiceVC.swift */,
			);
			path = Service;
			sourceTree = "<group>";
		};
		877F205D2887537200F1EEA9 /* Cell */ = {
			isa = PBXGroup;
			children = (
			);
			path = Cell;
			sourceTree = "<group>";
		};
		8781814D28900FF500E39B6F /* Products */ = {
			isa = PBXGroup;
			children = (
				8781814E2890100B00E39B6F /* User */,
				8773352F288F1685000556DD /* Category */,
				8781814F2890101D00E39B6F /* Keyword */,
			);
			path = Products;
			sourceTree = "<group>";
		};
		8781814E2890100B00E39B6F /* User */ = {
			isa = PBXGroup;
			children = (
				877C4086288B1596001F4C28 /* UserProductGetManager.swift */,
				877C4088288B15A5001F4C28 /* UserProductGetResponse.swift */,
			);
			path = User;
			sourceTree = "<group>";
		};
		8781814F2890101D00E39B6F /* Keyword */ = {
			isa = PBXGroup;
			children = (
				878181662890739B00E39B6F /* KeywordProductManager.swift */,
				87818168289073AA00E39B6F /* KeywordProductResponse.swift */,
			);
			path = Keyword;
			sourceTree = "<group>";
		};
		878181542890638000E39B6F /* Cell */ = {
			isa = PBXGroup;
			children = (
				878181552890642900E39B6F /* RecentSearchCollectionViewCell.swift */,
				8781815C2890691900E39B6F /* HotSearchCollectionViewCell.swift */,
			);
			path = Cell;
			sourceTree = "<group>";
		};
		87818159289064EC00E39B6F /* Search */ = {
			isa = PBXGroup;
			children = (
				87818157289064E700E39B6F /* RecentSearchManger.swift */,
				8781815A2890659500E39B6F /* RecentSearchResponse.swift */,
				8781815E2890699C00E39B6F /* HotSearchManager.swift */,
				87818160289069A600E39B6F /* HotSearchResponse.swift */,
				8781816228906D9900E39B6F /* DeleteRecentSearchManager.swift */,
				8781816428906DB000E39B6F /* DeleteRecentSearchResponse.swift */,
			);
			path = Search;
			sourceTree = "<group>";
		};
		8AE4C1C67F71AF556431CF53 /* Frameworks */ = {
			isa = PBXGroup;
			children = (
				689B71A9E8E0FF6AB688A6E1 /* Pods_BunJang.framework */,
			);
			name = Frameworks;
			sourceTree = "<group>";
		};
/* End PBXGroup section */

/* Begin PBXNativeTarget section */
		877019562882651D0003441E /* BunJang */ = {
			isa = PBXNativeTarget;
			buildConfigurationList = 8770196B2882651E0003441E /* Build configuration list for PBXNativeTarget "BunJang" */;
			buildPhases = (
				76F9952045483799783A7738 /* [CP] Check Pods Manifest.lock */,
				877019532882651D0003441E /* Sources */,
				877019542882651D0003441E /* Frameworks */,
				877019552882651D0003441E /* Resources */,
				A74F3EE6F03ADA21E4ED055B /* [CP] Embed Pods Frameworks */,
			);
			buildRules = (
			);
			dependencies = (
			);
			name = BunJang;
			productName = BunJang;
			productReference = 877019572882651D0003441E /* BunJang.app */;
			productType = "com.apple.product-type.application";
		};
/* End PBXNativeTarget section */

/* Begin PBXProject section */
		8770194F2882651D0003441E /* Project object */ = {
			isa = PBXProject;
			attributes = {
				BuildIndependentTargetsInParallel = 1;
				LastSwiftUpdateCheck = 1340;
				LastUpgradeCheck = 1340;
				TargetAttributes = {
					877019562882651D0003441E = {
						CreatedOnToolsVersion = 13.4.1;
					};
				};
			};
			buildConfigurationList = 877019522882651D0003441E /* Build configuration list for PBXProject "BunJang" */;
			compatibilityVersion = "Xcode 13.0";
			developmentRegion = en;
			hasScannedForEncodings = 0;
			knownRegions = (
				en,
				Base,
			);
			mainGroup = 8770194E2882651D0003441E;
			productRefGroup = 877019582882651D0003441E /* Products */;
			projectDirPath = "";
			projectRoot = "";
			targets = (
				877019562882651D0003441E /* BunJang */,
			);
		};
/* End PBXProject section */

/* Begin PBXResourcesBuildPhase section */
		877019552882651D0003441E /* Resources */ = {
			isa = PBXResourcesBuildPhase;
			buildActionMask = 2147483647;
			files = (
				8770199928826D4B0003441E /* Chat.storyboard in Resources */,
				8770199528826D260003441E /* Login.storyboard in Resources */,
				877019672882651E0003441E /* LaunchScreen.storyboard in Resources */,
				877C896C2887CDB500C79ADC /* MenuCollectionCell.xib in Resources */,
				87733514288DC214000556DD /* ProductsCollectionViewCell.xib in Resources */,
				877019642882651E0003441E /* Assets.xcassets in Resources */,
				87442BC22883020C00E7AF3A /* Search.storyboard in Resources */,
				877C4082288B0EA1001F4C28 /* MyProductCollectionViewCell.xib in Resources */,
				87442BB92882F0AF00E7AF3A /* Tab.storyboard in Resources */,
				87442BED2884300F00E7AF3A /* Product.storyboard in Resources */,
				8770199728826D360003441E /* Post.storyboard in Resources */,
				87733521288EA713000556DD /* ShowProduct.storyboard in Resources */,
				877019622882651D0003441E /* Home.storyboard in Resources */,
				877019A3288274B00003441E /* My.storyboard in Resources */,
			);
			runOnlyForDeploymentPostprocessing = 0;
		};
/* End PBXResourcesBuildPhase section */

/* Begin PBXShellScriptBuildPhase section */
		76F9952045483799783A7738 /* [CP] Check Pods Manifest.lock */ = {
			isa = PBXShellScriptBuildPhase;
			buildActionMask = 2147483647;
			files = (
			);
			inputFileListPaths = (
			);
			inputPaths = (
				"${PODS_PODFILE_DIR_PATH}/Podfile.lock",
				"${PODS_ROOT}/Manifest.lock",
			);
			name = "[CP] Check Pods Manifest.lock";
			outputFileListPaths = (
			);
			outputPaths = (
				"$(DERIVED_FILE_DIR)/Pods-BunJang-checkManifestLockResult.txt",
			);
			runOnlyForDeploymentPostprocessing = 0;
			shellPath = /bin/sh;
			shellScript = "diff \"${PODS_PODFILE_DIR_PATH}/Podfile.lock\" \"${PODS_ROOT}/Manifest.lock\" > /dev/null\nif [ $? != 0 ] ; then\n    # print error to STDERR\n    echo \"error: The sandbox is not in sync with the Podfile.lock. Run 'pod install' or update your CocoaPods installation.\" >&2\n    exit 1\nfi\n# This output is used by Xcode 'outputs' to avoid re-running this script phase.\necho \"SUCCESS\" > \"${SCRIPT_OUTPUT_FILE_0}\"\n";
			showEnvVarsInLog = 0;
		};
		A74F3EE6F03ADA21E4ED055B /* [CP] Embed Pods Frameworks */ = {
			isa = PBXShellScriptBuildPhase;
			buildActionMask = 2147483647;
			files = (
			);
			inputFileListPaths = (
				"${PODS_ROOT}/Target Support Files/Pods-BunJang/Pods-BunJang-frameworks-${CONFIGURATION}-input-files.xcfilelist",
			);
			name = "[CP] Embed Pods Frameworks";
			outputFileListPaths = (
				"${PODS_ROOT}/Target Support Files/Pods-BunJang/Pods-BunJang-frameworks-${CONFIGURATION}-output-files.xcfilelist",
			);
			runOnlyForDeploymentPostprocessing = 0;
			shellPath = /bin/sh;
			shellScript = "\"${PODS_ROOT}/Target Support Files/Pods-BunJang/Pods-BunJang-frameworks.sh\"\n";
			showEnvVarsInLog = 0;
		};
/* End PBXShellScriptBuildPhase section */

/* Begin PBXSourcesBuildPhase section */
		877019532882651D0003441E /* Sources */ = {
			isa = PBXSourcesBuildPhase;
			buildActionMask = 2147483647;
			files = (
				877334F0288C39C7000556DD /* MyPageResponse.swift in Sources */,
				87733513288DC214000556DD /* ProductsCollectionViewCell.swift in Sources */,
				87442BCD2883389900E7AF3A /* HomeTabManViewController.swift in Sources */,
				877F205F2887AE5300F1EEA9 /* Cell.swift in Sources */,
				87818158289064E700E39B6F /* RecentSearchManger.swift in Sources */,
				87442BC62883035900E7AF3A /* BaseTabBarController.swift in Sources */,
				87442BBB2883014900E7AF3A /* PostMainViewController.swift in Sources */,
				877F20442885EBF900F1EEA9 /* Segue.swift in Sources */,
				87818151289015E100E39B6F /* Type.swift in Sources */,
				877019A1288273800003441E /* UICollectionViewCell+.swift in Sources */,
				87442BAF2882DED300E7AF3A /* Secret.swift in Sources */,
				87442BE528841F0500E7AF3A /* API.swift in Sources */,
				877C4081288B0EA1001F4C28 /* MyProductCollectionViewCell.swift in Sources */,
				87442BD6288345B400E7AF3A /* ProductModel.swift in Sources */,
				87442BBF2883017D00E7AF3A /* MyMainViewController.swift in Sources */,
				877C4075288AB6AD001F4C28 /* ProductGetResponse.swift in Sources */,
				877C896F2888123B00C79ADC /* Category.swift in Sources */,
				8770198B28826A680003441E /* UIFont+.swift in Sources */,
				8773351C288E9B5B000556DD /* ProductVC.swift in Sources */,
				877F204C2887225600F1EEA9 /* SignUpManager.swift in Sources */,
				87442BD32883442400E7AF3A /* RecommendProductCollectionViewCell.swift in Sources */,
				8773350B288D6A59000556DD /* TotalReviewTableViewCell.swift in Sources */,
				87442BD1288340AD00E7AF3A /* HomeBrandViewController.swift in Sources */,
				877F205A28874DC600F1EEA9 /* TotalMenuBrandVC.swift in Sources */,
				8773352D288F11CD000556DD /* +Network.swift in Sources */,
				877F205828874D9E00F1EEA9 /* TotalMenuCategoryVC.swift in Sources */,
				87442BC42883021800E7AF3A /* SearchMainViewController.swift in Sources */,
				877C8983288960BA00C79ADC /* SignUpResponse.swift in Sources */,
				877334FC288C950F000556DD /* HeartResponse.swift in Sources */,
				877C897D28888F3E00C79ADC /* Default.swift in Sources */,
				877C89852889CCF300C79ADC /* ProductPostModel.swift in Sources */,
				877C407A288AD73E001F4C28 /* UIImageView+.swift in Sources */,
				877C89872889DCB500C79ADC /* UIStackView+.swift in Sources */,
				8770195B2882651D0003441E /* AppDelegate.swift in Sources */,
				8781815D2890691900E39B6F /* HotSearchCollectionViewCell.swift in Sources */,
				878181672890739B00E39B6F /* KeywordProductManager.swift in Sources */,
				877C408F288B2E1C001F4C28 /* RecommendProductManager.swift in Sources */,
				877C4087288B1596001F4C28 /* UserProductGetManager.swift in Sources */,
				87818161289069A600E39B6F /* HotSearchResponse.swift in Sources */,
				877C408C288B17A6001F4C28 /* Condition.swift in Sources */,
				878181562890642900E39B6F /* RecentSearchCollectionViewCell.swift in Sources */,
				87733525288F0E73000556DD /* FilterBottomSheet.swift in Sources */,
				8770198728826A4B0003441E /* String+.swift in Sources */,
				877019A52882D65B0003441E /* LoginMainViewController.swift in Sources */,
				8770195D2882651D0003441E /* SceneDelegate.swift in Sources */,
				87442BB62882EB9E00E7AF3A /* HomeMainViewController.swift in Sources */,
				87701979288266FF0003441E /* Device.swift in Sources */,
				877334EE288C39BC000556DD /* MyPageManager.swift in Sources */,
				8781816328906D9900E39B6F /* DeleteRecentSearchManager.swift in Sources */,
				87818148288F16FE00E39B6F /* CategoryProductManager.swift in Sources */,
				877C4078288AC139001F4C28 /* SignUpModel.swift in Sources */,
				87442BBD2883016600E7AF3A /* ChatMainViewController.swift in Sources */,
				877F20462885F17D00F1EEA9 /* SecondCategoryViewController.swift in Sources */,
				87442BE7288423BB00E7AF3A /* BannerResponse.swift in Sources */,
				877C8981288893E900C79ADC /* TagCollectionViewCell.swift in Sources */,
				877F20372885A04200F1EEA9 /* OptionBottomSheet.swift in Sources */,
				877019A82882D7A00003441E /* Image.swift in Sources */,
				87818153289061FE00E39B6F /* UITextField+.swift in Sources */,
				877C4073288AB6A1001F4C28 /* ProductGetManager.swift in Sources */,
				87442BFD28844D8900E7AF3A /* CategoryTagCollectionViewCell.swift in Sources */,
				877C898B2889EF6D00C79ADC /* Error.swift in Sources */,
				877C8979288816F900C79ADC /* SecondCategoryResponse.swift in Sources */,
				87733509288D69ED000556DD /* ReviewTableViewCell.swift in Sources */,
				877F20392885A8B800F1EEA9 /* Color.swift in Sources */,
				87442BE0288414B700E7AF3A /* CALayer+.swift in Sources */,
				87442BB42882E6B400E7AF3A /* LoginViewController.swift in Sources */,
				87442BEF2884301E00E7AF3A /* ProductViewController.swift in Sources */,
				8781815B2890659500E39B6F /* RecentSearchResponse.swift in Sources */,
				87701983288269E70003441E /* BaseViewController.swift in Sources */,
				87701977288266EF0003441E /* IndicatorView.swift in Sources */,
				8770199F288273730003441E /* UITableViewCell+.swift in Sources */,
				877C89752888156300C79ADC /* FirstCategoryResponse.swift in Sources */,
				877334FE288CAA77000556DD /* PostStartVC.swift in Sources */,
				877334FA288C9323000556DD /* HeartPostManager.swift in Sources */,
				87442BCF28833A0C00E7AF3A /* HomeRecommendProductViewController.swift in Sources */,
				87733523288EA722000556DD /* ShowProductViewController.swift in Sources */,
				877C89892889E74000C79ADC /* Int+.swift in Sources */,
				877C89732888155700C79ADC /* FirstCategoryManager.swift in Sources */,
				8770199D288272F80003441E /* UIView+.swift in Sources */,
				8770198F28826A7E0003441E /* UIViewController+.swift in Sources */,
				8770198528826A3B0003441E /* Date+.swift in Sources */,
				877C4089288B15A5001F4C28 /* UserProductGetResponse.swift in Sources */,
				87733510288D7183000556DD /* TotalReviewResponse.swift in Sources */,
				87442BE328841EC100E7AF3A /* BannerManager.swift in Sources */,
				8781816528906DB000E39B6F /* DeleteRecentSearchResponse.swift in Sources */,
				877F20422885EB7400F1EEA9 /* CategoryTableViewCell.swift in Sources */,
				877C896B2887CDB500C79ADC /* MenuCollectionCell.swift in Sources */,
				8770199128826A960003441E /* UINavigationBar+.swift in Sources */,
				877C4091288B2E2D001F4C28 /* RecommendProductResponse.swift in Sources */,
				8781814A288F184600E39B6F /* CategoryProductResponse.swift in Sources */,
				8781814C2890099F00E39B6F /* Show.swift in Sources */,
				877F205328874CBE00F1EEA9 /* HomeTotalCategoryTabManViewController.swift in Sources */,
				877F205C28874DED00F1EEA9 /* TotalMenuServiceVC.swift in Sources */,
				87733501288D691A000556DD /* TotalReviewViewController.swift in Sources */,
				877C8977288816EC00C79ADC /* SecondCategoryManger.swift in Sources */,
				8773352A288F1129000556DD /* SecondCategoryCollectionViewCell.swift in Sources */,
				8770198928826A590003441E /* UIColor+.swift in Sources */,
				87442BDE2883F49B00E7AF3A /* PostTagViewController.swift in Sources */,
				877C4095288B4302001F4C28 /* DataCheat.swift in Sources */,
				87818169289073AA00E39B6F /* KeywordProductResponse.swift in Sources */,
				8770198D28826A730003441E /* UIButton+.swift in Sources */,
				877C897B28884B8E00C79ADC /* Storyboard.swift in Sources */,
				8773350E288D717A000556DD /* TotalReviewManager.swift in Sources */,
				87733516288E9933000556DD /* ProductVC_network.swift in Sources */,
				877F203C2885B3F600F1EEA9 /* OptionModel.swift in Sources */,
				877F204A2887186600F1EEA9 /* LoginSignUpViewController.swift in Sources */,
				8770199328826AF80003441E /* Protocol.swift in Sources */,
				87442BEA288425F700E7AF3A /* NetworkResult.swift in Sources */,
				877C8991288A00A300C79ADC /* productPostResponse.swift in Sources */,
				877C4093288B3E53001F4C28 /* NotificationCenter.swift in Sources */,
				87442BDC2883F48F00E7AF3A /* PostCategoryViewController.swift in Sources */,
				877C898F288A009200C79ADC /* productPostManager.swift in Sources */,
				8781815F2890699C00E39B6F /* HotSearchManager.swift in Sources */,
				87442BB22882E5A300E7AF3A /* User.swift in Sources */,
				877F205128874B2C00F1EEA9 /* HomeTotalMenuViewController.swift in Sources */,
			);
			runOnlyForDeploymentPostprocessing = 0;
		};
/* End PBXSourcesBuildPhase section */

/* Begin PBXVariantGroup section */
		877019602882651D0003441E /* Home.storyboard */ = {
			isa = PBXVariantGroup;
			children = (
				877019612882651D0003441E /* Base */,
			);
			name = Home.storyboard;
			sourceTree = "<group>";
		};
		877019652882651E0003441E /* LaunchScreen.storyboard */ = {
			isa = PBXVariantGroup;
			children = (
				877019662882651E0003441E /* Base */,
			);
			name = LaunchScreen.storyboard;
			sourceTree = "<group>";
		};
/* End PBXVariantGroup section */

/* Begin XCBuildConfiguration section */
		877019692882651E0003441E /* Debug */ = {
			isa = XCBuildConfiguration;
			buildSettings = {
				ALWAYS_SEARCH_USER_PATHS = NO;
				CLANG_ANALYZER_NONNULL = YES;
				CLANG_ANALYZER_NUMBER_OBJECT_CONVERSION = YES_AGGRESSIVE;
				CLANG_CXX_LANGUAGE_STANDARD = "gnu++17";
				CLANG_ENABLE_MODULES = YES;
				CLANG_ENABLE_OBJC_ARC = YES;
				CLANG_ENABLE_OBJC_WEAK = YES;
				CLANG_WARN_BLOCK_CAPTURE_AUTORELEASING = YES;
				CLANG_WARN_BOOL_CONVERSION = YES;
				CLANG_WARN_COMMA = YES;
				CLANG_WARN_CONSTANT_CONVERSION = YES;
				CLANG_WARN_DEPRECATED_OBJC_IMPLEMENTATIONS = YES;
				CLANG_WARN_DIRECT_OBJC_ISA_USAGE = YES_ERROR;
				CLANG_WARN_DOCUMENTATION_COMMENTS = YES;
				CLANG_WARN_EMPTY_BODY = YES;
				CLANG_WARN_ENUM_CONVERSION = YES;
				CLANG_WARN_INFINITE_RECURSION = YES;
				CLANG_WARN_INT_CONVERSION = YES;
				CLANG_WARN_NON_LITERAL_NULL_CONVERSION = YES;
				CLANG_WARN_OBJC_IMPLICIT_RETAIN_SELF = YES;
				CLANG_WARN_OBJC_LITERAL_CONVERSION = YES;
				CLANG_WARN_OBJC_ROOT_CLASS = YES_ERROR;
				CLANG_WARN_QUOTED_INCLUDE_IN_FRAMEWORK_HEADER = YES;
				CLANG_WARN_RANGE_LOOP_ANALYSIS = YES;
				CLANG_WARN_STRICT_PROTOTYPES = YES;
				CLANG_WARN_SUSPICIOUS_MOVE = YES;
				CLANG_WARN_UNGUARDED_AVAILABILITY = YES_AGGRESSIVE;
				CLANG_WARN_UNREACHABLE_CODE = YES;
				CLANG_WARN__DUPLICATE_METHOD_MATCH = YES;
				COPY_PHASE_STRIP = NO;
				DEBUG_INFORMATION_FORMAT = dwarf;
				ENABLE_STRICT_OBJC_MSGSEND = YES;
				ENABLE_TESTABILITY = YES;
				GCC_C_LANGUAGE_STANDARD = gnu11;
				GCC_DYNAMIC_NO_PIC = NO;
				GCC_NO_COMMON_BLOCKS = YES;
				GCC_OPTIMIZATION_LEVEL = 0;
				GCC_PREPROCESSOR_DEFINITIONS = (
					"DEBUG=1",
					"$(inherited)",
				);
				GCC_WARN_64_TO_32_BIT_CONVERSION = YES;
				GCC_WARN_ABOUT_RETURN_TYPE = YES_ERROR;
				GCC_WARN_UNDECLARED_SELECTOR = YES;
				GCC_WARN_UNINITIALIZED_AUTOS = YES_AGGRESSIVE;
				GCC_WARN_UNUSED_FUNCTION = YES;
				GCC_WARN_UNUSED_VARIABLE = YES;
				IPHONEOS_DEPLOYMENT_TARGET = 13.0;
				MTL_ENABLE_DEBUG_INFO = INCLUDE_SOURCE;
				MTL_FAST_MATH = YES;
				ONLY_ACTIVE_ARCH = YES;
				SDKROOT = iphoneos;
				SWIFT_ACTIVE_COMPILATION_CONDITIONS = DEBUG;
				SWIFT_OPTIMIZATION_LEVEL = "-Onone";
			};
			name = Debug;
		};
		8770196A2882651E0003441E /* Release */ = {
			isa = XCBuildConfiguration;
			buildSettings = {
				ALWAYS_SEARCH_USER_PATHS = NO;
				CLANG_ANALYZER_NONNULL = YES;
				CLANG_ANALYZER_NUMBER_OBJECT_CONVERSION = YES_AGGRESSIVE;
				CLANG_CXX_LANGUAGE_STANDARD = "gnu++17";
				CLANG_ENABLE_MODULES = YES;
				CLANG_ENABLE_OBJC_ARC = YES;
				CLANG_ENABLE_OBJC_WEAK = YES;
				CLANG_WARN_BLOCK_CAPTURE_AUTORELEASING = YES;
				CLANG_WARN_BOOL_CONVERSION = YES;
				CLANG_WARN_COMMA = YES;
				CLANG_WARN_CONSTANT_CONVERSION = YES;
				CLANG_WARN_DEPRECATED_OBJC_IMPLEMENTATIONS = YES;
				CLANG_WARN_DIRECT_OBJC_ISA_USAGE = YES_ERROR;
				CLANG_WARN_DOCUMENTATION_COMMENTS = YES;
				CLANG_WARN_EMPTY_BODY = YES;
				CLANG_WARN_ENUM_CONVERSION = YES;
				CLANG_WARN_INFINITE_RECURSION = YES;
				CLANG_WARN_INT_CONVERSION = YES;
				CLANG_WARN_NON_LITERAL_NULL_CONVERSION = YES;
				CLANG_WARN_OBJC_IMPLICIT_RETAIN_SELF = YES;
				CLANG_WARN_OBJC_LITERAL_CONVERSION = YES;
				CLANG_WARN_OBJC_ROOT_CLASS = YES_ERROR;
				CLANG_WARN_QUOTED_INCLUDE_IN_FRAMEWORK_HEADER = YES;
				CLANG_WARN_RANGE_LOOP_ANALYSIS = YES;
				CLANG_WARN_STRICT_PROTOTYPES = YES;
				CLANG_WARN_SUSPICIOUS_MOVE = YES;
				CLANG_WARN_UNGUARDED_AVAILABILITY = YES_AGGRESSIVE;
				CLANG_WARN_UNREACHABLE_CODE = YES;
				CLANG_WARN__DUPLICATE_METHOD_MATCH = YES;
				COPY_PHASE_STRIP = NO;
				DEBUG_INFORMATION_FORMAT = "dwarf-with-dsym";
				ENABLE_NS_ASSERTIONS = NO;
				ENABLE_STRICT_OBJC_MSGSEND = YES;
				GCC_C_LANGUAGE_STANDARD = gnu11;
				GCC_NO_COMMON_BLOCKS = YES;
				GCC_WARN_64_TO_32_BIT_CONVERSION = YES;
				GCC_WARN_ABOUT_RETURN_TYPE = YES_ERROR;
				GCC_WARN_UNDECLARED_SELECTOR = YES;
				GCC_WARN_UNINITIALIZED_AUTOS = YES_AGGRESSIVE;
				GCC_WARN_UNUSED_FUNCTION = YES;
				GCC_WARN_UNUSED_VARIABLE = YES;
				IPHONEOS_DEPLOYMENT_TARGET = 13.0;
				MTL_ENABLE_DEBUG_INFO = NO;
				MTL_FAST_MATH = YES;
				SDKROOT = iphoneos;
				SWIFT_COMPILATION_MODE = wholemodule;
				SWIFT_OPTIMIZATION_LEVEL = "-O";
				VALIDATE_PRODUCT = YES;
			};
			name = Release;
		};
		8770196C2882651E0003441E /* Debug */ = {
			isa = XCBuildConfiguration;
			baseConfigurationReference = 098D35EDF39F290C4DC70042 /* Pods-BunJang.debug.xcconfig */;
			buildSettings = {
				ASSETCATALOG_COMPILER_APPICON_NAME = AppIcon;
				ASSETCATALOG_COMPILER_GLOBAL_ACCENT_COLOR_NAME = AccentColor;
				CODE_SIGN_STYLE = Automatic;
				CURRENT_PROJECT_VERSION = 1;
				DEVELOPMENT_TEAM = T6DNHAHXG9;
				GENERATE_INFOPLIST_FILE = YES;
				INFOPLIST_FILE = BunJang/Configuration/Info.plist;
				INFOPLIST_KEY_UIApplicationSupportsIndirectInputEvents = YES;
				INFOPLIST_KEY_UILaunchStoryboardName = LaunchScreen;
				INFOPLIST_KEY_UIMainStoryboardFile = Login;
				INFOPLIST_KEY_UISupportedInterfaceOrientations = UIInterfaceOrientationPortrait;
				INFOPLIST_KEY_UISupportedInterfaceOrientations_iPad = "UIInterfaceOrientationPortrait UIInterfaceOrientationPortraitUpsideDown UIInterfaceOrientationLandscapeLeft UIInterfaceOrientationLandscapeRight";
				INFOPLIST_KEY_UISupportedInterfaceOrientations_iPhone = "UIInterfaceOrientationPortrait UIInterfaceOrientationLandscapeLeft UIInterfaceOrientationLandscapeRight";
				LD_RUNPATH_SEARCH_PATHS = (
					"$(inherited)",
					"@executable_path/Frameworks",
				);
				MARKETING_VERSION = 1.0;
				PRODUCT_BUNDLE_IDENTIFIER = com.metlsplit.BunJang;
				PRODUCT_NAME = "$(TARGET_NAME)";
				SWIFT_EMIT_LOC_STRINGS = YES;
				SWIFT_VERSION = 5.0;
				TARGETED_DEVICE_FAMILY = 1;
			};
			name = Debug;
		};
		8770196D2882651E0003441E /* Release */ = {
			isa = XCBuildConfiguration;
			baseConfigurationReference = B78BAAEF7C1078C23C4ED23D /* Pods-BunJang.release.xcconfig */;
			buildSettings = {
				ASSETCATALOG_COMPILER_APPICON_NAME = AppIcon;
				ASSETCATALOG_COMPILER_GLOBAL_ACCENT_COLOR_NAME = AccentColor;
				CODE_SIGN_STYLE = Automatic;
				CURRENT_PROJECT_VERSION = 1;
				DEVELOPMENT_TEAM = T6DNHAHXG9;
				GENERATE_INFOPLIST_FILE = YES;
				INFOPLIST_FILE = BunJang/Configuration/Info.plist;
				INFOPLIST_KEY_UIApplicationSupportsIndirectInputEvents = YES;
				INFOPLIST_KEY_UILaunchStoryboardName = LaunchScreen;
				INFOPLIST_KEY_UIMainStoryboardFile = Login;
				INFOPLIST_KEY_UISupportedInterfaceOrientations = UIInterfaceOrientationPortrait;
				INFOPLIST_KEY_UISupportedInterfaceOrientations_iPad = "UIInterfaceOrientationPortrait UIInterfaceOrientationPortraitUpsideDown UIInterfaceOrientationLandscapeLeft UIInterfaceOrientationLandscapeRight";
				INFOPLIST_KEY_UISupportedInterfaceOrientations_iPhone = "UIInterfaceOrientationPortrait UIInterfaceOrientationLandscapeLeft UIInterfaceOrientationLandscapeRight";
				LD_RUNPATH_SEARCH_PATHS = (
					"$(inherited)",
					"@executable_path/Frameworks",
				);
				MARKETING_VERSION = 1.0;
				PRODUCT_BUNDLE_IDENTIFIER = com.metlsplit.BunJang;
				PRODUCT_NAME = "$(TARGET_NAME)";
				SWIFT_EMIT_LOC_STRINGS = YES;
				SWIFT_VERSION = 5.0;
				TARGETED_DEVICE_FAMILY = 1;
			};
			name = Release;
		};
/* End XCBuildConfiguration section */

/* Begin XCConfigurationList section */
		877019522882651D0003441E /* Build configuration list for PBXProject "BunJang" */ = {
			isa = XCConfigurationList;
			buildConfigurations = (
				877019692882651E0003441E /* Debug */,
				8770196A2882651E0003441E /* Release */,
			);
			defaultConfigurationIsVisible = 0;
			defaultConfigurationName = Release;
		};
		8770196B2882651E0003441E /* Build configuration list for PBXNativeTarget "BunJang" */ = {
			isa = XCConfigurationList;
			buildConfigurations = (
				8770196C2882651E0003441E /* Debug */,
				8770196D2882651E0003441E /* Release */,
			);
			defaultConfigurationIsVisible = 0;
			defaultConfigurationName = Release;
		};
/* End XCConfigurationList section */
	};
	rootObject = 8770194F2882651D0003441E /* Project object */;
}
